<?xml version="1.0" encoding="utf-8"?>
<Project ToolsVersion="4.0" xmlns="http://schemas.microsoft.com/developer/msbuild/2003">
  <ItemGroup>
    <Filter Include="Headers">
      <UniqueIdentifier>{C196CD9C-2D76-4C38-368E-D70EA2ECB299}</UniqueIdentifier>
    </Filter>
    <Filter Include="Precompiled">
      <UniqueIdentifier>{99BE8D1E-0574-0614-8E68-00EBFA1CFD17}</UniqueIdentifier>
    </Filter>
    <Filter Include="Sources">
      <UniqueIdentifier>{89565304-F535-D29F-FE4D-5D766AAC3801}</UniqueIdentifier>
    </Filter>
    <Filter Include="Sources\include">
      <UniqueIdentifier>{FCF66EC6-6882-DC8A-7193-5F7FDD9D388B}</UniqueIdentifier>
    </Filter>
    <Filter Include="_Natvis">
      <UniqueIdentifier>{D972AB51-4552-2AED-4E6A-B5C3BAC8904E}</UniqueIdentifier>
    </Filter>
  </ItemGroup>
  <ItemGroup>
    <ClInclude Include="..\..\ExternalLibs\Runtime\pk_discretizers\dc_precompiled.h">
      <Filter>Precompiled</Filter>
    </ClInclude>
    <ClInclude Include="..\..\ExternalLibs\Runtime\pk_discretizers\include\dc_discretizers.h">
      <Filter>Headers</Filter>
    </ClInclude>
    <ClInclude Include="..\..\ExternalLibs\Runtime\pk_discretizers\src\include\pv_discretizers.h">
      <Filter>Sources\include</Filter>
    </ClInclude>
  </ItemGroup>
  <ItemGroup>
    <ClCompile Include="..\..\ExternalLibs\Runtime\pk_discretizers\dc_precompiled.cpp">
      <Filter>Precompiled</Filter>
    </ClCompile>
    <ClCompile Include="..\..\ExternalLibs\Runtime\pk_discretizers\src\discretizers_aabb.cpp">
      <Filter>Sources</Filter>
    </ClCompile>
    <ClCompile Include="..\..\ExternalLibs\Runtime\pk_discretizers\src\discretizers_capsule.cpp">
      <Filter>Sources</Filter>
    </ClCompile>
    <ClCompile Include="..\..\ExternalLibs\Runtime\pk_discretizers\src\discretizers_cone.cpp">
      <Filter>Sources</Filter>
    </ClCompile>
    <ClCompile Include="..\..\ExternalLibs\Runtime\pk_discretizers\src\discretizers_cylinder.cpp">
      <Filter>Sources</Filter>
    </ClCompile>
    <ClCompile Include="..\..\ExternalLibs\Runtime\pk_discretizers\src\discretizers_disk.cpp">
      <Filter>Sources</Filter>
    </ClCompile>
    <ClCompile Include="..\..\ExternalLibs\Runtime\pk_discretizers\src\discretizers_frustum.cpp">
      <Filter>Sources</Filter>
    </ClCompile>
    <ClCompile Include="..\..\ExternalLibs\Runtime\pk_discretizers\src\discretizers_line.cpp">
      <Filter>Sources</Filter>
    </ClCompile>
    <ClCompile Include="..\..\ExternalLibs\Runtime\pk_discretizers\src\discretizers_rect.cpp">
      <Filter>Sources</Filter>
    </ClCompile>
    <ClCompile Include="..\..\ExternalLibs\Runtime\pk_discretizers\src\discretizers_sphere.cpp">
      <Filter>Sources</Filter>
    </ClCompile>
    <ClCompile Include="..\..\ExternalLibs\Runtime\pk_discretizers\src\discretizers_spline.cpp">
      <Filter>Sources</Filter>
    </ClCompile>
    <ClCompile Include="..\..\ExternalLibs\Runtime\pk_discretizers\src\discretizers_torus.cpp">
      <Filter>Sources</Filter>
    </ClCompile>
    <ClCompile Include="..\..\ExternalLibs\Runtime\pk_discretizers\src\discretizers_vector.cpp">
      <Filter>Sources</Filter>
    </ClCompile>
  </ItemGroup>
  <ItemGroup>
    <Natvis Include="..\..\Native\debugger\PopcornFX.natvis">
      <Filter>_Natvis</Filter>
    </Natvis>
  </ItemGroup>
</Project>
