<?xml version="1.0" encoding="utf-8"?>
<Project ToolsVersion="4.0" xmlns="http://schemas.microsoft.com/developer/msbuild/2003">
  <ItemGroup>
    <Filter Include="Headers">
      <UniqueIdentifier>{C196CD9C-2D76-4C38-368E-D70EA2ECB299}</UniqueIdentifier>
    </Filter>
    <Filter Include="Precompiled">
      <UniqueIdentifier>{99BE8D1E-0574-0614-8E68-00EBFA1CFD17}</UniqueIdentifier>
    </Filter>
    <Filter Include="Sources">
      <UniqueIdentifier>{89565304-F535-D29F-FE4D-5D766AAC3801}</UniqueIdentifier>
    </Filter>
    <Filter Include="_Natvis">
      <UniqueIdentifier>{D972AB51-4552-2AED-4E6A-B5C3BAC8904E}</UniqueIdentifier>
    </Filter>
  </ItemGroup>
  <ItemGroup>
    <ClInclude Include="..\..\Plugins\CompilerBackend_CPU_VM\include\cbvm_codegen_jit.h">
      <Filter>Headers</Filter>
    </ClInclude>
    <ClInclude Include="..\..\Plugins\CompilerBackend_CPU_VM\include\cbvm_compile.h">
      <Filter>Headers</Filter>
    </ClInclude>
    <ClInclude Include="..\..\Plugins\CompilerBackend_CPU_VM\include\cbvm_config.h">
      <Filter>Headers</Filter>
    </ClInclude>
    <ClInclude Include="..\..\Plugins\CompilerBackend_CPU_VM\include\cbvm_debug.h">
      <Filter>Headers</Filter>
    </ClInclude>
    <ClInclude Include="..\..\Plugins\CompilerBackend_CPU_VM\include\cbvm_main.h">
      <Filter>Headers</Filter>
    </ClInclude>
    <ClInclude Include="..\..\Plugins\CompilerBackend_CPU_VM\include\cbvm_meta_ops.h">
      <Filter>Headers</Filter>
    </ClInclude>
    <ClInclude Include="..\..\Plugins\CompilerBackend_CPU_VM\include\cbvm_meta_ops.inl">
      <Filter>Headers</Filter>
    </ClInclude>
    <ClInclude Include="..\..\Plugins\CompilerBackend_CPU_VM\include\cbvm_registers.h">
      <Filter>Headers</Filter>
    </ClInclude>
    <ClInclude Include="..\..\Plugins\CompilerBackend_CPU_VM\include\cbvm_registers.inl">
      <Filter>Headers</Filter>
    </ClInclude>
    <ClInclude Include="..\..\Plugins\CompilerBackend_CPU_VM\include\cbvm_stream_copier.h">
      <Filter>Headers</Filter>
    </ClInclude>
    <ClInclude Include="..\..\Plugins\CompilerBackend_CPU_VM\src\cbvm_meta_op_broadcast.impl.h">
      <Filter>Sources</Filter>
    </ClInclude>
    <ClInclude Include="..\..\Plugins\CompilerBackend_CPU_VM\src\cbvm_meta_op_external_clear.impl.h">
      <Filter>Sources</Filter>
    </ClInclude>
    <ClInclude Include="..\..\Plugins\CompilerBackend_CPU_VM\src\cbvm_meta_op_external_load.impl.h">
      <Filter>Sources</Filter>
    </ClInclude>
    <ClInclude Include="..\..\Plugins\CompilerBackend_CPU_VM\src\cbvm_meta_op_external_store.impl.h">
      <Filter>Sources</Filter>
    </ClInclude>
    <ClInclude Include="..\..\Plugins\CompilerBackend_CPU_VM\src\cbvm_meta_op_math_function.impl.h">
      <Filter>Sources</Filter>
    </ClInclude>
    <ClInclude Include="..\..\Plugins\CompilerBackend_CPU_VM\src\cbvm_meta_op_math_function3.impl.h">
      <Filter>Sources</Filter>
    </ClInclude>
    <ClInclude Include="..\..\Plugins\CompilerBackend_CPU_VM\src\cbvm_meta_op_math_idiv_mulinv.impl.h">
      <Filter>Sources</Filter>
    </ClInclude>
    <ClInclude Include="..\..\Plugins\CompilerBackend_CPU_VM\src\cbvm_meta_op_math_madd.impl.h">
      <Filter>Sources</Filter>
    </ClInclude>
    <ClInclude Include="..\..\Plugins\CompilerBackend_CPU_VM\src\cbvm_meta_op_math_operator.impl.h">
      <Filter>Sources</Filter>
    </ClInclude>
    <ClInclude Include="..\..\Plugins\CompilerBackend_CPU_VM\src\cbvm_meta_op_math_operator.low.impl.h">
      <Filter>Sources</Filter>
    </ClInclude>
    <ClInclude Include="..\..\Plugins\CompilerBackend_CPU_VM\src\cbvm_meta_op_select.impl.h">
      <Filter>Sources</Filter>
    </ClInclude>
    <ClInclude Include="..\..\Plugins\CompilerBackend_CPU_VM\src\cbvm_meta_op_type_converter.impl.h">
      <Filter>Sources</Filter>
    </ClInclude>
    <ClInclude Include="..\..\Plugins\CompilerBackend_CPU_VM\src\cbvm_precompiled.h">
      <Filter>Precompiled</Filter>
    </ClInclude>
  </ItemGroup>
  <ItemGroup>
    <ClCompile Include="..\..\Plugins\CompilerBackend_CPU_VM\src\cbvm_compile.cpp">
      <Filter>Sources</Filter>
    </ClCompile>
    <ClCompile Include="..\..\Plugins\CompilerBackend_CPU_VM\src\cbvm_compile_bytecode.cpp">
      <Filter>Sources</Filter>
    </ClCompile>
    <ClCompile Include="..\..\Plugins\CompilerBackend_CPU_VM\src\cbvm_compile_instrcombiner.cpp">
      <Filter>Sources</Filter>
    </ClCompile>
    <ClCompile Include="..\..\Plugins\CompilerBackend_CPU_VM\src\cbvm_compile_instrscheduler.cpp">
      <Filter>Sources</Filter>
    </ClCompile>
    <ClCompile Include="..\..\Plugins\CompilerBackend_CPU_VM\src\cbvm_compile_registers.cpp">
      <Filter>Sources</Filter>
    </ClCompile>
    <ClCompile Include="..\..\Plugins\CompilerBackend_CPU_VM\src\cbvm_debug.cpp">
      <Filter>Sources</Filter>
    </ClCompile>
    <ClCompile Include="..\..\Plugins\CompilerBackend_CPU_VM\src\cbvm_exec.cpp">
      <Filter>Sources</Filter>
    </ClCompile>
    <ClCompile Include="..\..\Plugins\CompilerBackend_CPU_VM\src\cbvm_main.cpp">
      <Filter>Sources</Filter>
    </ClCompile>
    <ClCompile Include="..\..\Plugins\CompilerBackend_CPU_VM\src\cbvm_meta_op_broadcast.cpp">
      <Filter>Sources</Filter>
    </ClCompile>
    <ClCompile Include="..\..\Plugins\CompilerBackend_CPU_VM\src\cbvm_meta_op_broadcast_avx.cpp">
      <Filter>Sources</Filter>
    </ClCompile>
    <ClCompile Include="..\..\Plugins\CompilerBackend_CPU_VM\src\cbvm_meta_op_call.cpp">
      <Filter>Sources</Filter>
    </ClCompile>
    <ClCompile Include="..\..\Plugins\CompilerBackend_CPU_VM\src\cbvm_meta_op_external_clear.cpp">
      <Filter>Sources</Filter>
    </ClCompile>
    <ClCompile Include="..\..\Plugins\CompilerBackend_CPU_VM\src\cbvm_meta_op_external_load.cpp">
      <Filter>Sources</Filter>
    </ClCompile>
    <ClCompile Include="..\..\Plugins\CompilerBackend_CPU_VM\src\cbvm_meta_op_external_load_avx2.cpp">
      <Filter>Sources</Filter>
    </ClCompile>
    <ClCompile Include="..\..\Plugins\CompilerBackend_CPU_VM\src\cbvm_meta_op_external_store.cpp">
      <Filter>Sources</Filter>
    </ClCompile>
    <ClCompile Include="..\..\Plugins\CompilerBackend_CPU_VM\src\cbvm_meta_op_external_store_avx.cpp">
      <Filter>Sources</Filter>
    </ClCompile>
    <ClCompile Include="..\..\Plugins\CompilerBackend_CPU_VM\src\cbvm_meta_op_math_function.cpp">
      <Filter>Sources</Filter>
    </ClCompile>
    <ClCompile Include="..\..\Plugins\CompilerBackend_CPU_VM\src\cbvm_meta_op_math_function3.cpp">
      <Filter>Sources</Filter>
    </ClCompile>
    <ClCompile Include="..\..\Plugins\CompilerBackend_CPU_VM\src\cbvm_meta_op_math_function3_avx.cpp">
      <Filter>Sources</Filter>
    </ClCompile>
    <ClCompile Include="..\..\Plugins\CompilerBackend_CPU_VM\src\cbvm_meta_op_math_function3_avx_fma.cpp">
      <Filter>Sources</Filter>
    </ClCompile>
    <ClCompile Include="..\..\Plugins\CompilerBackend_CPU_VM\src\cbvm_meta_op_math_function_avx.cpp">
      <Filter>Sources</Filter>
    </ClCompile>
    <ClCompile Include="..\..\Plugins\CompilerBackend_CPU_VM\src\cbvm_meta_op_math_function_avx_fma.cpp">
      <Filter>Sources</Filter>
    </ClCompile>
    <ClCompile Include="..\..\Plugins\CompilerBackend_CPU_VM\src\cbvm_meta_op_math_idiv_mulinv.cpp">
      <Filter>Sources</Filter>
    </ClCompile>
    <ClCompile Include="..\..\Plugins\CompilerBackend_CPU_VM\src\cbvm_meta_op_math_idiv_mulinv_avx.cpp">
      <Filter>Sources</Filter>
    </ClCompile>
    <ClCompile Include="..\..\Plugins\CompilerBackend_CPU_VM\src\cbvm_meta_op_math_madd.cpp">
      <Filter>Sources</Filter>
    </ClCompile>
    <ClCompile Include="..\..\Plugins\CompilerBackend_CPU_VM\src\cbvm_meta_op_math_madd_avx.cpp">
      <Filter>Sources</Filter>
    </ClCompile>
    <ClCompile Include="..\..\Plugins\CompilerBackend_CPU_VM\src\cbvm_meta_op_math_madd_avx_fma.cpp">
      <Filter>Sources</Filter>
    </ClCompile>
    <ClCompile Include="..\..\Plugins\CompilerBackend_CPU_VM\src\cbvm_meta_op_math_operator.cpp">
      <Filter>Sources</Filter>
    </ClCompile>
    <ClCompile Include="..\..\Plugins\CompilerBackend_CPU_VM\src\cbvm_meta_op_math_operator_avx.cpp">
      <Filter>Sources</Filter>
    </ClCompile>
    <ClCompile Include="..\..\Plugins\CompilerBackend_CPU_VM\src\cbvm_meta_op_select.cpp">
      <Filter>Sources</Filter>
    </ClCompile>
    <ClCompile Include="..\..\Plugins\CompilerBackend_CPU_VM\src\cbvm_meta_op_select_avx.cpp">
      <Filter>Sources</Filter>
    </ClCompile>
    <ClCompile Include="..\..\Plugins\CompilerBackend_CPU_VM\src\cbvm_meta_op_type_converter.cpp">
      <Filter>Sources</Filter>
    </ClCompile>
    <ClCompile Include="..\..\Plugins\CompilerBackend_CPU_VM\src\cbvm_meta_op_type_converter_avx.cpp">
      <Filter>Sources</Filter>
    </ClCompile>
    <ClCompile Include="..\..\Plugins\CompilerBackend_CPU_VM\src\cbvm_meta_op_vector_constructor.cpp">
      <Filter>Sources</Filter>
    </ClCompile>
    <ClCompile Include="..\..\Plugins\CompilerBackend_CPU_VM\src\cbvm_meta_op_vector_swizzler.cpp">
      <Filter>Sources</Filter>
    </ClCompile>
    <ClCompile Include="..\..\Plugins\CompilerBackend_CPU_VM\src\cbvm_meta_op_vector_swizzler_codegen.cpp">
      <Filter>Sources</Filter>
    </ClCompile>
    <ClCompile Include="..\..\Plugins\CompilerBackend_CPU_VM\src\cbvm_precompiled.cpp">
      <Filter>Precompiled</Filter>
    </ClCompile>
    <ClCompile Include="..\..\Plugins\CompilerBackend_CPU_VM\src\cbvm_program.cpp">
      <Filter>Sources</Filter>
    </ClCompile>
    <ClCompile Include="..\..\Plugins\CompilerBackend_CPU_VM\src\cbvm_registers.cpp">
      <Filter>Sources</Filter>
    </ClCompile>
    <ClCompile Include="..\..\Plugins\CompilerBackend_CPU_VM\src\cbvm_scratch_pool.cpp">
      <Filter>Sources</Filter>
    </ClCompile>
  </ItemGroup>
  <ItemGroup>
    <Natvis Include="..\..\Native\debugger\PopcornFX.natvis">
      <Filter>_Natvis</Filter>
    </Natvis>
  </ItemGroup>
</Project>
