<?xml version="1.0" encoding="utf-8"?>
<Project ToolsVersion="4.0" xmlns="http://schemas.microsoft.com/developer/msbuild/2003">
  <ItemGroup>
    <Filter Include="Headers">
      <UniqueIdentifier>{C196CD9C-2D76-4C38-368E-D70EA2ECB299}</UniqueIdentifier>
    </Filter>
    <Filter Include="Headers\_Private">
      <UniqueIdentifier>{2A0082BF-16F9-A011-3F2B-86962B83801D}</UniqueIdentifier>
    </Filter>
    <Filter Include="Headers\batch_jobs">
      <UniqueIdentifier>{5F763A5A-4B5A-FBAF-B4BA-F502A0BDE531}</UniqueIdentifier>
    </Filter>
    <Filter Include="Headers\batches">
      <UniqueIdentifier>{CAAF6598-363B-D35C-3F4C-5651AB562F5D}</UniqueIdentifier>
    </Filter>
    <Filter Include="Headers\billboarders">
      <UniqueIdentifier>{253BF426-11CA-7DF0-BAE8-91EBA6568E96}</UniqueIdentifier>
    </Filter>
    <Filter Include="Headers\buffer_pool">
      <UniqueIdentifier>{23EDF09C-8F4E-CEAA-18BC-145D841C056A}</UniqueIdentifier>
    </Filter>
    <Filter Include="Headers\draw_requests">
      <UniqueIdentifier>{39095868-A575-1363-6E69-ABC0DA9435CB}</UniqueIdentifier>
    </Filter>
    <Filter Include="Headers\frame_collector">
      <UniqueIdentifier>{A1C2F4A7-0DFA-3C3F-1604-A16282BA6338}</UniqueIdentifier>
    </Filter>
    <Filter Include="Headers\frame_collector\legacy">
      <UniqueIdentifier>{A57E694B-91A4-33B2-7AEA-B87D66AF587E}</UniqueIdentifier>
    </Filter>
    <Filter Include="Headers\render_features">
      <UniqueIdentifier>{8E8F6F95-FAC6-B72C-03D1-1B506F87DE25}</UniqueIdentifier>
    </Filter>
    <Filter Include="Headers\resource_manager">
      <UniqueIdentifier>{9294F164-7EB9-40E5-A704-267593883F03}</UniqueIdentifier>
    </Filter>
    <Filter Include="Precompiled">
      <UniqueIdentifier>{99BE8D1E-0574-0614-8E68-00EBFA1CFD17}</UniqueIdentifier>
    </Filter>
    <Filter Include="Sources">
      <UniqueIdentifier>{89565304-F535-D29F-FE4D-5D766AAC3801}</UniqueIdentifier>
    </Filter>
    <Filter Include="Sources\batch_jobs">
      <UniqueIdentifier>{27C96BB5-13AD-2C0B-7C0D-275E6810178D}</UniqueIdentifier>
    </Filter>
    <Filter Include="Sources\batches">
      <UniqueIdentifier>{92B7728E-FE42-E052-0754-6347735E3C53}</UniqueIdentifier>
    </Filter>
    <Filter Include="Sources\billboarders">
      <UniqueIdentifier>{ED5FC513-D9EE-4EDD-820D-63D86E7B5F83}</UniqueIdentifier>
    </Filter>
    <Filter Include="Sources\billboarders\include">
      <UniqueIdentifier>{60247608-4CDF-65B4-F596-DEFEE130B044}</UniqueIdentifier>
    </Filter>
    <Filter Include="Sources\buffer_pool">
      <UniqueIdentifier>{EB984C5E-57FA-296C-E067-701E4CC8602B}</UniqueIdentifier>
    </Filter>
    <Filter Include="Sources\draw_requests">
      <UniqueIdentifier>{01C74DEF-6D33-09EA-3627-A147A2522B52}</UniqueIdentifier>
    </Filter>
    <Filter Include="Sources\frame_collector">
      <UniqueIdentifier>{691251C3-D549-995A-DE53-FD7D4A0AC053}</UniqueIdentifier>
    </Filter>
    <Filter Include="Sources\render_features">
      <UniqueIdentifier>{56DFCBB0-C216-1448-CB20-786B37D73A41}</UniqueIdentifier>
    </Filter>
    <Filter Include="_Natvis">
      <UniqueIdentifier>{D972AB51-4552-2AED-4E6A-B5C3BAC8904E}</UniqueIdentifier>
    </Filter>
  </ItemGroup>
  <ItemGroup>
    <ClInclude Include="..\..\ExternalLibs\Runtime\pk_render_helpers\include\batch_jobs\rh_batch_jobs.h">
      <Filter>Headers\batch_jobs</Filter>
    </ClInclude>
    <ClInclude Include="..\..\ExternalLibs\Runtime\pk_render_helpers\include\batch_jobs\rh_batch_jobs_billboard_cpu.h">
      <Filter>Headers\batch_jobs</Filter>
    </ClInclude>
    <ClInclude Include="..\..\ExternalLibs\Runtime\pk_render_helpers\include\batch_jobs\rh_batch_jobs_billboard_gpu.h">
      <Filter>Headers\batch_jobs</Filter>
    </ClInclude>
    <ClInclude Include="..\..\ExternalLibs\Runtime\pk_render_helpers\include\batch_jobs\rh_batch_jobs_decal_cpu.h">
      <Filter>Headers\batch_jobs</Filter>
    </ClInclude>
    <ClInclude Include="..\..\ExternalLibs\Runtime\pk_render_helpers\include\batch_jobs\rh_batch_jobs_decal_gpu.h">
      <Filter>Headers\batch_jobs</Filter>
    </ClInclude>
    <ClInclude Include="..\..\ExternalLibs\Runtime\pk_render_helpers\include\batch_jobs\rh_batch_jobs_helpers.h">
      <Filter>Headers\batch_jobs</Filter>
    </ClInclude>
    <ClInclude Include="..\..\ExternalLibs\Runtime\pk_render_helpers\include\batch_jobs\rh_batch_jobs_light_std.h">
      <Filter>Headers\batch_jobs</Filter>
    </ClInclude>
    <ClInclude Include="..\..\ExternalLibs\Runtime\pk_render_helpers\include\batch_jobs\rh_batch_jobs_mesh_cpu.h">
      <Filter>Headers\batch_jobs</Filter>
    </ClInclude>
    <ClInclude Include="..\..\ExternalLibs\Runtime\pk_render_helpers\include\batch_jobs\rh_batch_jobs_mesh_gpu.h">
      <Filter>Headers\batch_jobs</Filter>
    </ClInclude>
    <ClInclude Include="..\..\ExternalLibs\Runtime\pk_render_helpers\include\batch_jobs\rh_batch_jobs_ribbon_cpu.h">
      <Filter>Headers\batch_jobs</Filter>
    </ClInclude>
    <ClInclude Include="..\..\ExternalLibs\Runtime\pk_render_helpers\include\batch_jobs\rh_batch_jobs_ribbon_gpu.h">
      <Filter>Headers\batch_jobs</Filter>
    </ClInclude>
    <ClInclude Include="..\..\ExternalLibs\Runtime\pk_render_helpers\include\batch_jobs\rh_batch_jobs_sound_std.h">
      <Filter>Headers\batch_jobs</Filter>
    </ClInclude>
    <ClInclude Include="..\..\ExternalLibs\Runtime\pk_render_helpers\include\batch_jobs\rh_batch_jobs_triangle_cpu.h">
      <Filter>Headers\batch_jobs</Filter>
    </ClInclude>
    <ClInclude Include="..\..\ExternalLibs\Runtime\pk_render_helpers\include\batch_jobs\rh_batch_jobs_triangle_gpu.h">
      <Filter>Headers\batch_jobs</Filter>
    </ClInclude>
    <ClInclude Include="..\..\ExternalLibs\Runtime\pk_render_helpers\include\batches\rh_billboard_batch.h">
      <Filter>Headers\batches</Filter>
    </ClInclude>
    <ClInclude Include="..\..\ExternalLibs\Runtime\pk_render_helpers\include\batches\rh_billboard_batch.inl">
      <Filter>Headers\batches</Filter>
    </ClInclude>
    <ClInclude Include="..\..\ExternalLibs\Runtime\pk_render_helpers\include\batches\rh_billboard_ribbon_batch_helper.h">
      <Filter>Headers\batches</Filter>
    </ClInclude>
    <ClInclude Include="..\..\ExternalLibs\Runtime\pk_render_helpers\include\batches\rh_decal_batch.h">
      <Filter>Headers\batches</Filter>
    </ClInclude>
    <ClInclude Include="..\..\ExternalLibs\Runtime\pk_render_helpers\include\batches\rh_decal_batch.inl">
      <Filter>Headers\batches</Filter>
    </ClInclude>
    <ClInclude Include="..\..\ExternalLibs\Runtime\pk_render_helpers\include\batches\rh_light_batch.h">
      <Filter>Headers\batches</Filter>
    </ClInclude>
    <ClInclude Include="..\..\ExternalLibs\Runtime\pk_render_helpers\include\batches\rh_light_batch.inl">
      <Filter>Headers\batches</Filter>
    </ClInclude>
    <ClInclude Include="..\..\ExternalLibs\Runtime\pk_render_helpers\include\batches\rh_mesh_batch.h">
      <Filter>Headers\batches</Filter>
    </ClInclude>
    <ClInclude Include="..\..\ExternalLibs\Runtime\pk_render_helpers\include\batches\rh_mesh_batch.inl">
      <Filter>Headers\batches</Filter>
    </ClInclude>
    <ClInclude Include="..\..\ExternalLibs\Runtime\pk_render_helpers\include\batches\rh_particle_batch_policy_data.h">
      <Filter>Headers\batches</Filter>
    </ClInclude>
    <ClInclude Include="..\..\ExternalLibs\Runtime\pk_render_helpers\include\batches\rh_ribbon_batch.h">
      <Filter>Headers\batches</Filter>
    </ClInclude>
    <ClInclude Include="..\..\ExternalLibs\Runtime\pk_render_helpers\include\batches\rh_ribbon_batch.inl">
      <Filter>Headers\batches</Filter>
    </ClInclude>
    <ClInclude Include="..\..\ExternalLibs\Runtime\pk_render_helpers\include\batches\rh_sound_batch.h">
      <Filter>Headers\batches</Filter>
    </ClInclude>
    <ClInclude Include="..\..\ExternalLibs\Runtime\pk_render_helpers\include\batches\rh_sound_batch.inl">
      <Filter>Headers\batches</Filter>
    </ClInclude>
    <ClInclude Include="..\..\ExternalLibs\Runtime\pk_render_helpers\include\batches\rh_triangle_batch.h">
      <Filter>Headers\batches</Filter>
    </ClInclude>
    <ClInclude Include="..\..\ExternalLibs\Runtime\pk_render_helpers\include\batches\rh_triangle_batch.inl">
      <Filter>Headers\batches</Filter>
    </ClInclude>
    <ClInclude Include="..\..\ExternalLibs\Runtime\pk_render_helpers\include\billboarders\rh_billboarders_billboards.h">
      <Filter>Headers\billboarders</Filter>
    </ClInclude>
    <ClInclude Include="..\..\ExternalLibs\Runtime\pk_render_helpers\include\billboarders\rh_billboarders_billboards_c0.h">
      <Filter>Headers\billboarders</Filter>
    </ClInclude>
    <ClInclude Include="..\..\ExternalLibs\Runtime\pk_render_helpers\include\billboarders\rh_billboarders_billboards_c1.h">
      <Filter>Headers\billboarders</Filter>
    </ClInclude>
    <ClInclude Include="..\..\ExternalLibs\Runtime\pk_render_helpers\include\billboarders\rh_billboarders_billboards_c2.h">
      <Filter>Headers\billboarders</Filter>
    </ClInclude>
    <ClInclude Include="..\..\ExternalLibs\Runtime\pk_render_helpers\include\billboarders\rh_billboarders_billboards_ribbon.h">
      <Filter>Headers\billboarders</Filter>
    </ClInclude>
    <ClInclude Include="..\..\ExternalLibs\Runtime\pk_render_helpers\include\buffer_pool\rh_bufferpool.h">
      <Filter>Headers\buffer_pool</Filter>
    </ClInclude>
    <ClInclude Include="..\..\ExternalLibs\Runtime\pk_render_helpers\include\buffer_pool\rh_bufferpool.inl">
      <Filter>Headers\buffer_pool</Filter>
    </ClInclude>
    <ClInclude Include="..\..\ExternalLibs\Runtime\pk_render_helpers\include\draw_requests\rh_billboard.h">
      <Filter>Headers\draw_requests</Filter>
    </ClInclude>
    <ClInclude Include="..\..\ExternalLibs\Runtime\pk_render_helpers\include\draw_requests\rh_billboard_cpu.h">
      <Filter>Headers\draw_requests</Filter>
    </ClInclude>
    <ClInclude Include="..\..\ExternalLibs\Runtime\pk_render_helpers\include\draw_requests\rh_billboard_cpu_tasks.h">
      <Filter>Headers\draw_requests</Filter>
    </ClInclude>
    <ClInclude Include="..\..\ExternalLibs\Runtime\pk_render_helpers\include\draw_requests\rh_billboard_light.h">
      <Filter>Headers\draw_requests</Filter>
    </ClInclude>
    <ClInclude Include="..\..\ExternalLibs\Runtime\pk_render_helpers\include\draw_requests\rh_common.h">
      <Filter>Headers\draw_requests</Filter>
    </ClInclude>
    <ClInclude Include="..\..\ExternalLibs\Runtime\pk_render_helpers\include\draw_requests\rh_copystream_cpu.h">
      <Filter>Headers\draw_requests</Filter>
    </ClInclude>
    <ClInclude Include="..\..\ExternalLibs\Runtime\pk_render_helpers\include\draw_requests\rh_copystream_cpu_tasks.h">
      <Filter>Headers\draw_requests</Filter>
    </ClInclude>
    <ClInclude Include="..\..\ExternalLibs\Runtime\pk_render_helpers\include\draw_requests\rh_decal.h">
      <Filter>Headers\draw_requests</Filter>
    </ClInclude>
    <ClInclude Include="..\..\ExternalLibs\Runtime\pk_render_helpers\include\draw_requests\rh_decal_cpu.h">
      <Filter>Headers\draw_requests</Filter>
    </ClInclude>
    <ClInclude Include="..\..\ExternalLibs\Runtime\pk_render_helpers\include\draw_requests\rh_decal_cpu_tasks.h">
      <Filter>Headers\draw_requests</Filter>
    </ClInclude>
    <ClInclude Include="..\..\ExternalLibs\Runtime\pk_render_helpers\include\draw_requests\rh_draw_requests.h">
      <Filter>Headers\draw_requests</Filter>
    </ClInclude>
    <ClInclude Include="..\..\ExternalLibs\Runtime\pk_render_helpers\include\draw_requests\rh_job_pools.h">
      <Filter>Headers\draw_requests</Filter>
    </ClInclude>
    <ClInclude Include="..\..\ExternalLibs\Runtime\pk_render_helpers\include\draw_requests\rh_light.h">
      <Filter>Headers\draw_requests</Filter>
    </ClInclude>
    <ClInclude Include="..\..\ExternalLibs\Runtime\pk_render_helpers\include\draw_requests\rh_mesh.h">
      <Filter>Headers\draw_requests</Filter>
    </ClInclude>
    <ClInclude Include="..\..\ExternalLibs\Runtime\pk_render_helpers\include\draw_requests\rh_mesh_cpu.h">
      <Filter>Headers\draw_requests</Filter>
    </ClInclude>
    <ClInclude Include="..\..\ExternalLibs\Runtime\pk_render_helpers\include\draw_requests\rh_mesh_cpu_tasks.h">
      <Filter>Headers\draw_requests</Filter>
    </ClInclude>
    <ClInclude Include="..\..\ExternalLibs\Runtime\pk_render_helpers\include\draw_requests\rh_ribbon.h">
      <Filter>Headers\draw_requests</Filter>
    </ClInclude>
    <ClInclude Include="..\..\ExternalLibs\Runtime\pk_render_helpers\include\draw_requests\rh_ribbon_cpu.h">
      <Filter>Headers\draw_requests</Filter>
    </ClInclude>
    <ClInclude Include="..\..\ExternalLibs\Runtime\pk_render_helpers\include\draw_requests\rh_ribbon_cpu_tasks.h">
      <Filter>Headers\draw_requests</Filter>
    </ClInclude>
    <ClInclude Include="..\..\ExternalLibs\Runtime\pk_render_helpers\include\draw_requests\rh_sound.h">
      <Filter>Headers\draw_requests</Filter>
    </ClInclude>
    <ClInclude Include="..\..\ExternalLibs\Runtime\pk_render_helpers\include\draw_requests\rh_tasks.h">
      <Filter>Headers\draw_requests</Filter>
    </ClInclude>
    <ClInclude Include="..\..\ExternalLibs\Runtime\pk_render_helpers\include\draw_requests\rh_triangle.h">
      <Filter>Headers\draw_requests</Filter>
    </ClInclude>
    <ClInclude Include="..\..\ExternalLibs\Runtime\pk_render_helpers\include\draw_requests\rh_triangle_cpu.h">
      <Filter>Headers\draw_requests</Filter>
    </ClInclude>
    <ClInclude Include="..\..\ExternalLibs\Runtime\pk_render_helpers\include\draw_requests\rh_triangle_cpu_tasks.h">
      <Filter>Headers\draw_requests</Filter>
    </ClInclude>
    <ClInclude Include="..\..\ExternalLibs\Runtime\pk_render_helpers\include\frame_collector\legacy\rh_frame_collector_legacy.h">
      <Filter>Headers\frame_collector\legacy</Filter>
    </ClInclude>
    <ClInclude Include="..\..\ExternalLibs\Runtime\pk_render_helpers\include\frame_collector\legacy\rh_frame_collector_legacy.inl">
      <Filter>Headers\frame_collector\legacy</Filter>
    </ClInclude>
    <ClInclude Include="..\..\ExternalLibs\Runtime\pk_render_helpers\include\frame_collector\legacy\rh_frame_data_legacy.h">
      <Filter>Headers\frame_collector\legacy</Filter>
    </ClInclude>
    <ClInclude Include="..\..\ExternalLibs\Runtime\pk_render_helpers\include\frame_collector\rh_batch_drawer.h">
      <Filter>Headers\frame_collector</Filter>
    </ClInclude>
    <ClInclude Include="..\..\ExternalLibs\Runtime\pk_render_helpers\include\frame_collector\rh_billboarding_batch_interface.h">
      <Filter>Headers\frame_collector</Filter>
    </ClInclude>
    <ClInclude Include="..\..\ExternalLibs\Runtime\pk_render_helpers\include\frame_collector\rh_billboarding_batch_interface.inl">
      <Filter>Headers\frame_collector</Filter>
    </ClInclude>
    <ClInclude Include="..\..\ExternalLibs\Runtime\pk_render_helpers\include\frame_collector\rh_billboarding_batches_manager.h">
      <Filter>Headers\frame_collector</Filter>
    </ClInclude>
    <ClInclude Include="..\..\ExternalLibs\Runtime\pk_render_helpers\include\frame_collector\rh_billboarding_batches_manager.inl">
      <Filter>Headers\frame_collector</Filter>
    </ClInclude>
    <ClInclude Include="..\..\ExternalLibs\Runtime\pk_render_helpers\include\frame_collector\rh_frame_collector.h">
      <Filter>Headers\frame_collector</Filter>
    </ClInclude>
    <ClInclude Include="..\..\ExternalLibs\Runtime\pk_render_helpers\include\frame_collector\rh_frame_data.h">
      <Filter>Headers\frame_collector</Filter>
    </ClInclude>
    <ClInclude Include="..\..\ExternalLibs\Runtime\pk_render_helpers\include\frame_collector\rh_particle_render_data_factory.h">
      <Filter>Headers\frame_collector</Filter>
    </ClInclude>
    <ClInclude Include="..\..\ExternalLibs\Runtime\pk_render_helpers\include\frame_collector\rh_render_medium.h">
      <Filter>Headers\frame_collector</Filter>
    </ClInclude>
    <ClInclude Include="..\..\ExternalLibs\Runtime\pk_render_helpers\include\frame_collector\rh_renderers_walker.h">
      <Filter>Headers\frame_collector</Filter>
    </ClInclude>
    <ClInclude Include="..\..\ExternalLibs\Runtime\pk_render_helpers\include\render_features\rh_features_basic.h">
      <Filter>Headers\render_features</Filter>
    </ClInclude>
    <ClInclude Include="..\..\ExternalLibs\Runtime\pk_render_helpers\include\render_features\rh_features_vat_skeletal.h">
      <Filter>Headers\render_features</Filter>
    </ClInclude>
    <ClInclude Include="..\..\ExternalLibs\Runtime\pk_render_helpers\include\render_features\rh_features_vat_static.h">
      <Filter>Headers\render_features</Filter>
    </ClInclude>
    <ClInclude Include="..\..\ExternalLibs\Runtime\pk_render_helpers\include\resource_manager\rh_resource_manager.h">
      <Filter>Headers\resource_manager</Filter>
    </ClInclude>
    <ClInclude Include="..\..\ExternalLibs\Runtime\pk_render_helpers\include\resource_manager\rh_resource_manager.inl">
      <Filter>Headers\resource_manager</Filter>
    </ClInclude>
    <ClInclude Include="..\..\ExternalLibs\Runtime\pk_render_helpers\include\rh_init.h">
      <Filter>Headers</Filter>
    </ClInclude>
    <ClInclude Include="..\..\ExternalLibs\Runtime\pk_render_helpers\src\billboarders\include\pv_billboarders_billboards.h">
      <Filter>Sources\billboarders\include</Filter>
    </ClInclude>
    <ClInclude Include="..\..\ExternalLibs\Runtime\pk_render_helpers\src\billboarders\include\pv_billboarders_ribbons.h">
      <Filter>Sources\billboarders\include</Filter>
    </ClInclude>
    <ClInclude Include="..\..\ExternalLibs\Runtime\pk_render_helpers\src\billboarders\include\pv_billboarders_ribbons_common.h">
      <Filter>Sources\billboarders\include</Filter>
    </ClInclude>
    <ClInclude Include="..\..\ExternalLibs\Runtime\pk_render_helpers\src\billboarders\include\pv_billboarders_ribbons_multiplane.h">
      <Filter>Sources\billboarders\include</Filter>
    </ClInclude>
    <ClInclude Include="..\..\ExternalLibs\Runtime\pk_render_helpers\src\billboarders\include\pv_billboarders_ribbons_tube.h">
      <Filter>Sources\billboarders\include</Filter>
    </ClInclude>
    <ClInclude Include="..\..\ExternalLibs\Runtime\pk_render_helpers\src\include\pv_renderhelpers.h">
      <Filter>Headers\_Private</Filter>
    </ClInclude>
    <ClInclude Include="..\..\ExternalLibs\Runtime\pk_render_helpers\src\precompiled\rh_precompiled.h">
      <Filter>Precompiled</Filter>
    </ClInclude>
  </ItemGroup>
  <ItemGroup>
    <ClCompile Include="..\..\ExternalLibs\Runtime\pk_render_helpers\src\batch_jobs\rh_batch_jobs_billboard_cpu.cpp">
      <Filter>Sources\batch_jobs</Filter>
    </ClCompile>
    <ClCompile Include="..\..\ExternalLibs\Runtime\pk_render_helpers\src\batch_jobs\rh_batch_jobs_billboard_gpu.cpp">
      <Filter>Sources\batch_jobs</Filter>
    </ClCompile>
    <ClCompile Include="..\..\ExternalLibs\Runtime\pk_render_helpers\src\batch_jobs\rh_batch_jobs_decal_cpu.cpp">
      <Filter>Sources\batch_jobs</Filter>
    </ClCompile>
    <ClCompile Include="..\..\ExternalLibs\Runtime\pk_render_helpers\src\batch_jobs\rh_batch_jobs_decal_gpu.cpp">
      <Filter>Sources\batch_jobs</Filter>
    </ClCompile>
    <ClCompile Include="..\..\ExternalLibs\Runtime\pk_render_helpers\src\batch_jobs\rh_batch_jobs_helpers.cpp">
      <Filter>Sources\batch_jobs</Filter>
    </ClCompile>
    <ClCompile Include="..\..\ExternalLibs\Runtime\pk_render_helpers\src\batch_jobs\rh_batch_jobs_light_std.cpp">
      <Filter>Sources\batch_jobs</Filter>
    </ClCompile>
    <ClCompile Include="..\..\ExternalLibs\Runtime\pk_render_helpers\src\batch_jobs\rh_batch_jobs_mesh_cpu.cpp">
      <Filter>Sources\batch_jobs</Filter>
    </ClCompile>
    <ClCompile Include="..\..\ExternalLibs\Runtime\pk_render_helpers\src\batch_jobs\rh_batch_jobs_mesh_gpu.cpp">
      <Filter>Sources\batch_jobs</Filter>
    </ClCompile>
    <ClCompile Include="..\..\ExternalLibs\Runtime\pk_render_helpers\src\batch_jobs\rh_batch_jobs_ribbon_cpu.cpp">
      <Filter>Sources\batch_jobs</Filter>
    </ClCompile>
    <ClCompile Include="..\..\ExternalLibs\Runtime\pk_render_helpers\src\batch_jobs\rh_batch_jobs_ribbon_gpu.cpp">
      <Filter>Sources\batch_jobs</Filter>
    </ClCompile>
    <ClCompile Include="..\..\ExternalLibs\Runtime\pk_render_helpers\src\batch_jobs\rh_batch_jobs_sound_std.cpp">
      <Filter>Sources\batch_jobs</Filter>
    </ClCompile>
    <ClCompile Include="..\..\ExternalLibs\Runtime\pk_render_helpers\src\batch_jobs\rh_batch_jobs_triangle_cpu.cpp">
      <Filter>Sources\batch_jobs</Filter>
    </ClCompile>
    <ClCompile Include="..\..\ExternalLibs\Runtime\pk_render_helpers\src\batch_jobs\rh_batch_jobs_triangle_gpu.cpp">
      <Filter>Sources\batch_jobs</Filter>
    </ClCompile>
    <ClCompile Include="..\..\ExternalLibs\Runtime\pk_render_helpers\src\batches\rh_billboard_ribbon_batch_helper.cpp">
      <Filter>Sources\batches</Filter>
    </ClCompile>
    <ClCompile Include="..\..\ExternalLibs\Runtime\pk_render_helpers\src\billboarders\rh_billboarders_billboards_axial_capsule.cpp">
      <Filter>Sources\billboarders</Filter>
    </ClCompile>
    <ClCompile Include="..\..\ExternalLibs\Runtime\pk_render_helpers\src\billboarders\rh_billboarders_billboards_axial_quad.cpp">
      <Filter>Sources\billboarders</Filter>
    </ClCompile>
    <ClCompile Include="..\..\ExternalLibs\Runtime\pk_render_helpers\src\billboarders\rh_billboarders_billboards_axial_spheroidal.cpp">
      <Filter>Sources\billboarders</Filter>
    </ClCompile>
    <ClCompile Include="..\..\ExternalLibs\Runtime\pk_render_helpers\src\billboarders\rh_billboarders_billboards_planar_quad.cpp">
      <Filter>Sources\billboarders</Filter>
    </ClCompile>
    <ClCompile Include="..\..\ExternalLibs\Runtime\pk_render_helpers\src\billboarders\rh_billboarders_billboards_screen_quad.cpp">
      <Filter>Sources\billboarders</Filter>
    </ClCompile>
    <ClCompile Include="..\..\ExternalLibs\Runtime\pk_render_helpers\src\billboarders\rh_billboarders_billboards_standard.cpp">
      <Filter>Sources\billboarders</Filter>
    </ClCompile>
    <ClCompile Include="..\..\ExternalLibs\Runtime\pk_render_helpers\src\billboarders\rh_billboarders_billboards_view_quad.cpp">
      <Filter>Sources\billboarders</Filter>
    </ClCompile>
    <ClCompile Include="..\..\ExternalLibs\Runtime\pk_render_helpers\src\billboarders\rh_billboarders_ribbons.cpp">
      <Filter>Sources\billboarders</Filter>
    </ClCompile>
    <ClCompile Include="..\..\ExternalLibs\Runtime\pk_render_helpers\src\billboarders\rh_billboarders_ribbons_axial.cpp">
      <Filter>Sources\billboarders</Filter>
    </ClCompile>
    <ClCompile Include="..\..\ExternalLibs\Runtime\pk_render_helpers\src\buffer_pool\rh_bufferpool.cpp">
      <Filter>Sources\buffer_pool</Filter>
    </ClCompile>
    <ClCompile Include="..\..\ExternalLibs\Runtime\pk_render_helpers\src\draw_requests\rh_billboard.cpp">
      <Filter>Sources\draw_requests</Filter>
    </ClCompile>
    <ClCompile Include="..\..\ExternalLibs\Runtime\pk_render_helpers\src\draw_requests\rh_billboard_cpu.cpp">
      <Filter>Sources\draw_requests</Filter>
    </ClCompile>
    <ClCompile Include="..\..\ExternalLibs\Runtime\pk_render_helpers\src\draw_requests\rh_billboard_cpu_tasks.cpp">
      <Filter>Sources\draw_requests</Filter>
    </ClCompile>
    <ClCompile Include="..\..\ExternalLibs\Runtime\pk_render_helpers\src\draw_requests\rh_common.cpp">
      <Filter>Sources\draw_requests</Filter>
    </ClCompile>
    <ClCompile Include="..\..\ExternalLibs\Runtime\pk_render_helpers\src\draw_requests\rh_copystream_cpu.cpp">
      <Filter>Sources\draw_requests</Filter>
    </ClCompile>
    <ClCompile Include="..\..\ExternalLibs\Runtime\pk_render_helpers\src\draw_requests\rh_copystream_cpu_tasks.cpp">
      <Filter>Sources\draw_requests</Filter>
    </ClCompile>
    <ClCompile Include="..\..\ExternalLibs\Runtime\pk_render_helpers\src\draw_requests\rh_decal.cpp">
      <Filter>Sources\draw_requests</Filter>
    </ClCompile>
    <ClCompile Include="..\..\ExternalLibs\Runtime\pk_render_helpers\src\draw_requests\rh_decal_cpu.cpp">
      <Filter>Sources\draw_requests</Filter>
    </ClCompile>
    <ClCompile Include="..\..\ExternalLibs\Runtime\pk_render_helpers\src\draw_requests\rh_decal_cpu_tasks.cpp">
      <Filter>Sources\draw_requests</Filter>
    </ClCompile>
    <ClCompile Include="..\..\ExternalLibs\Runtime\pk_render_helpers\src\draw_requests\rh_draw_requests.cpp">
      <Filter>Sources\draw_requests</Filter>
    </ClCompile>
    <ClCompile Include="..\..\ExternalLibs\Runtime\pk_render_helpers\src\draw_requests\rh_light.cpp">
      <Filter>Sources\draw_requests</Filter>
    </ClCompile>
    <ClCompile Include="..\..\ExternalLibs\Runtime\pk_render_helpers\src\draw_requests\rh_mesh.cpp">
      <Filter>Sources\draw_requests</Filter>
    </ClCompile>
    <ClCompile Include="..\..\ExternalLibs\Runtime\pk_render_helpers\src\draw_requests\rh_mesh_cpu.cpp">
      <Filter>Sources\draw_requests</Filter>
    </ClCompile>
    <ClCompile Include="..\..\ExternalLibs\Runtime\pk_render_helpers\src\draw_requests\rh_mesh_cpu_tasks.cpp">
      <Filter>Sources\draw_requests</Filter>
    </ClCompile>
    <ClCompile Include="..\..\ExternalLibs\Runtime\pk_render_helpers\src\draw_requests\rh_ribbon.cpp">
      <Filter>Sources\draw_requests</Filter>
    </ClCompile>
    <ClCompile Include="..\..\ExternalLibs\Runtime\pk_render_helpers\src\draw_requests\rh_ribbon_cpu.cpp">
      <Filter>Sources\draw_requests</Filter>
    </ClCompile>
    <ClCompile Include="..\..\ExternalLibs\Runtime\pk_render_helpers\src\draw_requests\rh_ribbon_cpu_tasks.cpp">
      <Filter>Sources\draw_requests</Filter>
    </ClCompile>
    <ClCompile Include="..\..\ExternalLibs\Runtime\pk_render_helpers\src\draw_requests\rh_sound.cpp">
      <Filter>Sources\draw_requests</Filter>
    </ClCompile>
    <ClCompile Include="..\..\ExternalLibs\Runtime\pk_render_helpers\src\draw_requests\rh_triangle.cpp">
      <Filter>Sources\draw_requests</Filter>
    </ClCompile>
    <ClCompile Include="..\..\ExternalLibs\Runtime\pk_render_helpers\src\draw_requests\rh_triangle_cpu.cpp">
      <Filter>Sources\draw_requests</Filter>
    </ClCompile>
    <ClCompile Include="..\..\ExternalLibs\Runtime\pk_render_helpers\src\draw_requests\rh_triangle_cpu_tasks.cpp">
      <Filter>Sources\draw_requests</Filter>
    </ClCompile>
    <ClCompile Include="..\..\ExternalLibs\Runtime\pk_render_helpers\src\frame_collector\rh_batch_drawer.cpp">
      <Filter>Sources\frame_collector</Filter>
    </ClCompile>
    <ClCompile Include="..\..\ExternalLibs\Runtime\pk_render_helpers\src\frame_collector\rh_frame_collector.cpp">
      <Filter>Sources\frame_collector</Filter>
    </ClCompile>
    <ClCompile Include="..\..\ExternalLibs\Runtime\pk_render_helpers\src\frame_collector\rh_particle_render_data_factory.cpp">
      <Filter>Sources\frame_collector</Filter>
    </ClCompile>
    <ClCompile Include="..\..\ExternalLibs\Runtime\pk_render_helpers\src\frame_collector\rh_render_medium.cpp">
      <Filter>Sources\frame_collector</Filter>
    </ClCompile>
    <ClCompile Include="..\..\ExternalLibs\Runtime\pk_render_helpers\src\frame_collector\rh_renderers_walker.cpp">
      <Filter>Sources\frame_collector</Filter>
    </ClCompile>
    <ClCompile Include="..\..\ExternalLibs\Runtime\pk_render_helpers\src\precompiled\rh_precompiled.cpp">
      <Filter>Precompiled</Filter>
    </ClCompile>
    <ClCompile Include="..\..\ExternalLibs\Runtime\pk_render_helpers\src\render_features\rh_features_basic.cpp">
      <Filter>Sources\render_features</Filter>
    </ClCompile>
    <ClCompile Include="..\..\ExternalLibs\Runtime\pk_render_helpers\src\render_features\rh_features_vat_skeletal.cpp">
      <Filter>Sources\render_features</Filter>
    </ClCompile>
    <ClCompile Include="..\..\ExternalLibs\Runtime\pk_render_helpers\src\render_features\rh_features_vat_static.cpp">
      <Filter>Sources\render_features</Filter>
    </ClCompile>
    <ClCompile Include="..\..\ExternalLibs\Runtime\pk_render_helpers\src\rh_init.cpp">
      <Filter>Sources</Filter>
    </ClCompile>
    <ClCompile Include="..\..\ExternalLibs\Runtime\pk_render_helpers\src\rh_main.cpp">
      <Filter>Sources</Filter>
    </ClCompile>
  </ItemGroup>
  <ItemGroup>
    <Natvis Include="..\..\Native\debugger\PopcornFX.natvis">
      <Filter>_Natvis</Filter>
    </Natvis>
  </ItemGroup>
</Project>
