
Microsoft Visual Studio Solution File, Format Version 12.00
# Visual Studio Version 16
Project("{2150E333-8FDC-42A3-9474-1A3956D46DE8}") = "Unity", "Unity", "{85AB7C17-F160-F50C-7A55-EFE3E609EC10}"
EndProject
Project("{8BC9CEB8-8B4A-11D0-8D11-00A0C91BC942}") = "PK-IntegrationUnity", "PK-IntegrationUnity.vcxproj", "{0D494E93-5ABF-5C62-69BF-5CFF185CCCCA}"
EndProject
Project("{2150E333-8FDC-42A3-9474-1A3956D46DE8}") = "Rendering", "Rendering", "{2A23E243-96AE-4F08-9FBF-D2FC0BCAAB08}"
EndProject
Project("{8BC9CEB8-8B4A-11D0-8D11-00A0C91BC942}") = "PK-RenderHelpers_SDK1", "PK-RenderHelpers_SDK1.vcxproj", "{1822BA45-2535-4E66-FFFF-90B284A46F5B}"
EndProject
Project("{2150E333-8FDC-42A3-9474-1A3956D46DE8}") = "Runtime", "Runtime", "{D04B1513-3C0C-9149-0547-DAC671C6D525}"
EndProject
Project("{8BC9CEB8-8B4A-11D0-8D11-00A0C91BC942}") = "PK-Discretizers_SDK1", "PK-Discretizers_SDK1.vcxproj", "{F866336F-906C-411B-FFFF-AABBCC2C47CE}"
EndProject
Project("{8BC9CEB8-8B4A-11D0-8D11-00A0C91BC942}") = "PK-ParticlesToolbox_SDK1", "PK-ParticlesToolbox_SDK1.vcxproj", "{1A87AB61-B71A-4EBA-FFFF-997BB30241A3}"
EndProject
Project("{8BC9CEB8-8B4A-11D0-8D11-00A0C91BC942}") = "PK-Runtime_SDK1", "PK-Runtime_SDK1.vcxproj", "{E21DB851-1449-42D8-FFFF-7FC2E9399524}"
EndProject
Project("{2150E333-8FDC-42A3-9474-1A3956D46DE8}") = "Tools", "Tools", "{DD376B17-49ED-E30C-D2E1-DDE33E96DA10}"
EndProject
Project("{2150E333-8FDC-42A3-9474-1A3956D46DE8}") = "AssetBaker", "AssetBaker", "{51B011B4-3DAA-3A06-2617-D11612B0A072}"
EndProject
Project("{8BC9CEB8-8B4A-11D0-8D11-00A0C91BC942}") = "PK-AssetBakerLib", "PK-AssetBakerLib.vcxproj", "{44ECDA8C-CBA0-4035-B212-68E793243242}"
EndProject
Project("{2150E333-8FDC-42A3-9474-1A3956D46DE8}") = "Upgrader", "Upgrader", "{A68CD0DC-921B-5AA6-3B3A-6EA127A86A4C}"
EndProject
Project("{8BC9CEB8-8B4A-11D0-8D11-00A0C91BC942}") = "PK-UpgraderLib", "PK-UpgraderLib.vcxproj", "{55ACDBF7-CBA0-4035-B212-68E793243242}"
EndProject
Global
	GlobalSection(SolutionConfigurationPlatforms) = preSolution
		Debug|Win32 = Debug|Win32
		Debug|x64 = Debug|x64
		Release|Win32 = Release|Win32
		Release|x64 = Release|x64
	EndGlobalSection
	GlobalSection(ProjectConfigurationPlatforms) = postSolution
		{0D494E93-5ABF-5C62-69BF-5CFF185CCCCA}.Debug|Win32.ActiveCfg = Debug|Win32
		{0D494E93-5ABF-5C62-69BF-5CFF185CCCCA}.Debug|Win32.Build.0 = Debug|Win32
		{0D494E93-5ABF-5C62-69BF-5CFF185CCCCA}.Debug|x64.ActiveCfg = Debug|x64
		{0D494E93-5ABF-5C62-69BF-5CFF185CCCCA}.Debug|x64.Build.0 = Debug|x64
		{0D494E93-5ABF-5C62-69BF-5CFF185CCCCA}.Release|Win32.ActiveCfg = Release|Win32
		{0D494E93-5ABF-5C62-69BF-5CFF185CCCCA}.Release|Win32.Build.0 = Release|Win32
		{0D494E93-5ABF-5C62-69BF-5CFF185CCCCA}.Release|x64.ActiveCfg = Release|x64
		{0D494E93-5ABF-5C62-69BF-5CFF185CCCCA}.Release|x64.Build.0 = Release|x64
		{1822BA45-2535-4E66-FFFF-90B284A46F5B}.Debug|Win32.ActiveCfg = Debug|Win32
		{1822BA45-2535-4E66-FFFF-90B284A46F5B}.Debug|Win32.Build.0 = Debug|Win32
		{1822BA45-2535-4E66-FFFF-90B284A46F5B}.Debug|x64.ActiveCfg = Debug|x64
		{1822BA45-2535-4E66-FFFF-90B284A46F5B}.Debug|x64.Build.0 = Debug|x64
		{1822BA45-2535-4E66-FFFF-90B284A46F5B}.Release|Win32.ActiveCfg = Release|Win32
		{1822BA45-2535-4E66-FFFF-90B284A46F5B}.Release|Win32.Build.0 = Release|Win32
		{1822BA45-2535-4E66-FFFF-90B284A46F5B}.Release|x64.ActiveCfg = Release|x64
		{1822BA45-2535-4E66-FFFF-90B284A46F5B}.Release|x64.Build.0 = Release|x64
		{F866336F-906C-411B-FFFF-AABBCC2C47CE}.Debug|Win32.ActiveCfg = Debug|Win32
		{F866336F-906C-411B-FFFF-AABBCC2C47CE}.Debug|Win32.Build.0 = Debug|Win32
		{F866336F-906C-411B-FFFF-AABBCC2C47CE}.Debug|x64.ActiveCfg = Debug|x64
		{F866336F-906C-411B-FFFF-AABBCC2C47CE}.Debug|x64.Build.0 = Debug|x64
		{F866336F-906C-411B-FFFF-AABBCC2C47CE}.Release|Win32.ActiveCfg = Release|Win32
		{F866336F-906C-411B-FFFF-AABBCC2C47CE}.Release|Win32.Build.0 = Release|Win32
		{F866336F-906C-411B-FFFF-AABBCC2C47CE}.Release|x64.ActiveCfg = Release|x64
		{F866336F-906C-411B-FFFF-AABBCC2C47CE}.Release|x64.Build.0 = Release|x64
		{1A87AB61-B71A-4EBA-FFFF-997BB30241A3}.Debug|Win32.ActiveCfg = Debug|Win32
		{1A87AB61-B71A-4EBA-FFFF-997BB30241A3}.Debug|Win32.Build.0 = Debug|Win32
		{1A87AB61-B71A-4EBA-FFFF-997BB30241A3}.Debug|x64.ActiveCfg = Debug|x64
		{1A87AB61-B71A-4EBA-FFFF-997BB30241A3}.Debug|x64.Build.0 = Debug|x64
		{1A87AB61-B71A-4EBA-FFFF-997BB30241A3}.Release|Win32.ActiveCfg = Release|Win32
		{1A87AB61-B71A-4EBA-FFFF-997BB30241A3}.Release|Win32.Build.0 = Release|Win32
		{1A87AB61-B71A-4EBA-FFFF-997BB30241A3}.Release|x64.ActiveCfg = Release|x64
		{1A87AB61-B71A-4EBA-FFFF-997BB30241A3}.Release|x64.Build.0 = Release|x64
		{E21DB851-1449-42D8-FFFF-7FC2E9399524}.Debug|Win32.ActiveCfg = Debug|Win32
		{E21DB851-1449-42D8-FFFF-7FC2E9399524}.Debug|Win32.Build.0 = Debug|Win32
		{E21DB851-1449-42D8-FFFF-7FC2E9399524}.Debug|x64.ActiveCfg = Debug|x64
		{E21DB851-1449-42D8-FFFF-7FC2E9399524}.Debug|x64.Build.0 = Debug|x64
		{E21DB851-1449-42D8-FFFF-7FC2E9399524}.Release|Win32.ActiveCfg = Release|Win32
		{E21DB851-1449-42D8-FFFF-7FC2E9399524}.Release|Win32.Build.0 = Release|Win32
		{E21DB851-1449-42D8-FFFF-7FC2E9399524}.Release|x64.ActiveCfg = Release|x64
		{E21DB851-1449-42D8-FFFF-7FC2E9399524}.Release|x64.Build.0 = Release|x64
		{44ECDA8C-CBA0-4035-B212-68E793243242}.Debug|Win32.ActiveCfg = Debug|Win32
		{44ECDA8C-CBA0-4035-B212-68E793243242}.Debug|Win32.Build.0 = Debug|Win32
		{44ECDA8C-CBA0-4035-B212-68E793243242}.Debug|x64.ActiveCfg = Debug|x64
		{44ECDA8C-CBA0-4035-B212-68E793243242}.Debug|x64.Build.0 = Debug|x64
		{44ECDA8C-CBA0-4035-B212-68E793243242}.Release|Win32.ActiveCfg = Release|Win32
		{44ECDA8C-CBA0-4035-B212-68E793243242}.Release|Win32.Build.0 = Release|Win32
		{44ECDA8C-CBA0-4035-B212-68E793243242}.Release|x64.ActiveCfg = Release|x64
		{44ECDA8C-CBA0-4035-B212-68E793243242}.Release|x64.Build.0 = Release|x64
		{55ACDBF7-CBA0-4035-B212-68E793243242}.Debug|Win32.ActiveCfg = Debug|Win32
		{55ACDBF7-CBA0-4035-B212-68E793243242}.Debug|Win32.Build.0 = Debug|Win32
		{55ACDBF7-CBA0-4035-B212-68E793243242}.Debug|x64.ActiveCfg = Debug|x64
		{55ACDBF7-CBA0-4035-B212-68E793243242}.Debug|x64.Build.0 = Debug|x64
		{55ACDBF7-CBA0-4035-B212-68E793243242}.Release|Win32.ActiveCfg = Release|Win32
		{55ACDBF7-CBA0-4035-B212-68E793243242}.Release|Win32.Build.0 = Release|Win32
		{55ACDBF7-CBA0-4035-B212-68E793243242}.Release|x64.ActiveCfg = Release|x64
		{55ACDBF7-CBA0-4035-B212-68E793243242}.Release|x64.Build.0 = Release|x64
	EndGlobalSection
	GlobalSection(SolutionProperties) = preSolution
		HideSolutionNode = FALSE
	EndGlobalSection
	GlobalSection(NestedProjects) = preSolution
		{0D494E93-5ABF-5C62-69BF-5CFF185CCCCA} = {85AB7C17-F160-F50C-7A55-EFE3E609EC10}
		{1822BA45-2535-4E66-FFFF-90B284A46F5B} = {2A23E243-96AE-4F08-9FBF-D2FC0BCAAB08}
		{F866336F-906C-411B-FFFF-AABBCC2C47CE} = {D04B1513-3C0C-9149-0547-DAC671C6D525}
		{1A87AB61-B71A-4EBA-FFFF-997BB30241A3} = {D04B1513-3C0C-9149-0547-DAC671C6D525}
		{E21DB851-1449-42D8-FFFF-7FC2E9399524} = {D04B1513-3C0C-9149-0547-DAC671C6D525}
		{51B011B4-3DAA-3A06-2617-D11612B0A072} = {DD376B17-49ED-E30C-D2E1-DDE33E96DA10}
		{44ECDA8C-CBA0-4035-B212-68E793243242} = {51B011B4-3DAA-3A06-2617-D11612B0A072}
		{A68CD0DC-921B-5AA6-3B3A-6EA127A86A4C} = {DD376B17-49ED-E30C-D2E1-DDE33E96DA10}
		{55ACDBF7-CBA0-4035-B212-68E793243242} = {A68CD0DC-921B-5AA6-3B3A-6EA127A86A4C}
	EndGlobalSection
EndGlobal
