<?xml version="1.0" encoding="utf-8"?>
<Project ToolsVersion="4.0" xmlns="http://schemas.microsoft.com/developer/msbuild/2003">
  <ItemGroup>
    <Filter Include="Headers">
      <UniqueIdentifier>{C196CD9C-2D76-4C38-368E-D70EA2ECB299}</UniqueIdentifier>
    </Filter>
    <Filter Include="Headers\IR">
      <UniqueIdentifier>{CB7C58D8-B734-9A25-203C-73810C133516}</UniqueIdentifier>
    </Filter>
    <Filter Include="Headers\v1">
      <UniqueIdentifier>{778258D8-633A-9A25-CC41-7381B8183516}</UniqueIdentifier>
    </Filter>
    <Filter Include="Headers\v1\Editor">
      <UniqueIdentifier>{CD733E10-398A-3CA6-8201-C8C7EE560D2E}</UniqueIdentifier>
    </Filter>
    <Filter Include="Headers\v1\Utils">
      <UniqueIdentifier>{17416A09-033A-895B-2C6C-6EE018C46867}</UniqueIdentifier>
    </Filter>
    <Filter Include="Precompiled">
      <UniqueIdentifier>{99BE8D1E-0574-0614-8E68-00EBFA1CFD17}</UniqueIdentifier>
    </Filter>
    <Filter Include="Sources">
      <UniqueIdentifier>{89565304-F535-D29F-FE4D-5D766AAC3801}</UniqueIdentifier>
    </Filter>
    <Filter Include="Sources\IR">
      <UniqueIdentifier>{9387E736-7F3F-2984-E846-02E0D41DC474}</UniqueIdentifier>
    </Filter>
    <Filter Include="Sources\IR\Editor">
      <UniqueIdentifier>{692149B8-D537-474E-1EAF-D26F8A0418D6}</UniqueIdentifier>
    </Filter>
    <Filter Include="Sources\IR\PopcornFXCore">
      <UniqueIdentifier>{8A562871-767B-77F1-9FC6-5C818B4A760F}</UniqueIdentifier>
    </Filter>
    <Filter Include="Sources\IR\Utils">
      <UniqueIdentifier>{33ABC725-1FA4-E677-48D6-CBFC342EC683}</UniqueIdentifier>
    </Filter>
    <Filter Include="Sources\v1">
      <UniqueIdentifier>{3F8DE736-2B45-2984-944C-02E08023C474}</UniqueIdentifier>
    </Filter>
    <Filter Include="Sources\v1\Editor">
      <UniqueIdentifier>{958DACBD-01A4-AA53-4A1B-3675B6707BDB}</UniqueIdentifier>
    </Filter>
    <Filter Include="Sources\v1\Utils">
      <UniqueIdentifier>{DF4118C1-CB3A-3713-F46C-1C98E0C4161F}</UniqueIdentifier>
    </Filter>
    <Filter Include="Sources\xmlparser">
      <UniqueIdentifier>{B641D0C1-2258-CE57-6BCF-5979D7249FDF}</UniqueIdentifier>
    </Filter>
    <Filter Include="Sources\xmlparser\tinyxml2">
      <UniqueIdentifier>{2C64E566-1874-9137-812D-F6556D5C80D0}</UniqueIdentifier>
    </Filter>
    <Filter Include="_Natvis">
      <UniqueIdentifier>{D972AB51-4552-2AED-4E6A-B5C3BAC8904E}</UniqueIdentifier>
    </Filter>
  </ItemGroup>
  <ItemGroup>
    <ClInclude Include="..\..\ExternalLibs\pk_importerlib\include\IR\imp_ir_particle_effect.h">
      <Filter>Headers\IR</Filter>
    </ClInclude>
    <ClInclude Include="..\..\ExternalLibs\pk_importerlib\include\IR\imp_ir_project_settings.h">
      <Filter>Headers\IR</Filter>
    </ClInclude>
    <ClInclude Include="..\..\ExternalLibs\pk_importerlib\include\imp_precompiled_default.h">
      <Filter>Headers</Filter>
    </ClInclude>
    <ClInclude Include="..\..\ExternalLibs\pk_importerlib\include\v1\Editor\imp_v1_EditorParticle_Data.h">
      <Filter>Headers\v1\Editor</Filter>
    </ClInclude>
    <ClInclude Include="..\..\ExternalLibs\pk_importerlib\include\v1\Utils\imp_v1_dynamic_field_declarator.h">
      <Filter>Headers\v1\Utils</Filter>
    </ClInclude>
    <ClInclude Include="..\..\ExternalLibs\pk_importerlib\include\v1\imp_v1_actionfactory.h">
      <Filter>Headers\v1</Filter>
    </ClInclude>
    <ClInclude Include="..\..\ExternalLibs\pk_importerlib\include\v1\imp_v1_context.h">
      <Filter>Headers\v1</Filter>
    </ClInclude>
    <ClInclude Include="..\..\ExternalLibs\pk_importerlib\include\v1\imp_v1_descriptor.h">
      <Filter>Headers\v1</Filter>
    </ClInclude>
    <ClInclude Include="..\..\ExternalLibs\pk_importerlib\include\v1\imp_v1_evolvers.h">
      <Filter>Headers\v1</Filter>
    </ClInclude>
    <ClInclude Include="..\..\ExternalLibs\pk_importerlib\include\v1\imp_v1_fields.h">
      <Filter>Headers\v1</Filter>
    </ClInclude>
    <ClInclude Include="..\..\ExternalLibs\pk_importerlib\include\v1\imp_v1_particle_effect.h">
      <Filter>Headers\v1</Filter>
    </ClInclude>
    <ClInclude Include="..\..\ExternalLibs\pk_importerlib\include\v1\imp_v1_projectsettings.h">
      <Filter>Headers\v1</Filter>
    </ClInclude>
    <ClInclude Include="..\..\ExternalLibs\pk_importerlib\include\v1\imp_v1_renderers.h">
      <Filter>Headers\v1</Filter>
    </ClInclude>
    <ClInclude Include="..\..\ExternalLibs\pk_importerlib\include\v1\imp_v1_samplers.h">
      <Filter>Headers\v1</Filter>
    </ClInclude>
    <ClInclude Include="..\..\ExternalLibs\pk_importerlib\src\IR\Editor\imp_ir_editor_effect.h">
      <Filter>Sources\IR\Editor</Filter>
    </ClInclude>
    <ClInclude Include="..\..\ExternalLibs\pk_importerlib\src\IR\PopcornFXCore\Core.h">
      <Filter>Sources\IR\PopcornFXCore</Filter>
    </ClInclude>
    <ClInclude Include="..\..\ExternalLibs\pk_importerlib\src\IR\PopcornFXCore\Events.h">
      <Filter>Sources\IR\PopcornFXCore</Filter>
    </ClInclude>
    <ClInclude Include="..\..\ExternalLibs\pk_importerlib\src\IR\PopcornFXCore\Legacy.h">
      <Filter>Sources\IR\PopcornFXCore</Filter>
    </ClInclude>
    <ClInclude Include="..\..\ExternalLibs\pk_importerlib\src\IR\Utils\imp_ir_generate_helpers.h">
      <Filter>Sources\IR\Utils</Filter>
    </ClInclude>
    <ClInclude Include="..\..\ExternalLibs\pk_importerlib\src\IR\Utils\imp_script_tokenizer.h">
      <Filter>Sources\IR\Utils</Filter>
    </ClInclude>
    <ClInclude Include="..\..\ExternalLibs\pk_importerlib\src\IR\imp_ir_baseobject.h">
      <Filter>Sources\IR</Filter>
    </ClInclude>
    <ClInclude Include="..\..\ExternalLibs\pk_importerlib\src\IR\imp_ir_renderers.h">
      <Filter>Sources\IR</Filter>
    </ClInclude>
    <ClInclude Include="..\..\ExternalLibs\pk_importerlib\src\IR\imp_ir_samplers.h">
      <Filter>Sources\IR</Filter>
    </ClInclude>
    <ClInclude Include="..\..\ExternalLibs\pk_importerlib\src\precompiled\imp_precompiled.h">
      <Filter>Precompiled</Filter>
    </ClInclude>
    <ClInclude Include="..\..\ExternalLibs\pk_importerlib\src\v1\Utils\imp_v1_scripts_utils.h">
      <Filter>Sources\v1\Utils</Filter>
    </ClInclude>
    <ClInclude Include="..\..\ExternalLibs\pk_importerlib\src\v1\Utils\imp_v1_templates.h">
      <Filter>Sources\v1\Utils</Filter>
    </ClInclude>
    <ClInclude Include="..\..\ExternalLibs\pk_importerlib\src\xmlparser\tinyxml2\tinyxml2.h">
      <Filter>Sources\xmlparser\tinyxml2</Filter>
    </ClInclude>
  </ItemGroup>
  <ItemGroup>
    <ClCompile Include="..\..\ExternalLibs\pk_importerlib\src\IR\Editor\imp_ir_editor_effect.cpp">
      <Filter>Sources\IR\Editor</Filter>
    </ClCompile>
    <ClCompile Include="..\..\ExternalLibs\pk_importerlib\src\IR\PopcornFXCore\Core.cpp">
      <Filter>Sources\IR\PopcornFXCore</Filter>
    </ClCompile>
    <ClCompile Include="..\..\ExternalLibs\pk_importerlib\src\IR\PopcornFXCore\Events.cpp">
      <Filter>Sources\IR\PopcornFXCore</Filter>
    </ClCompile>
    <ClCompile Include="..\..\ExternalLibs\pk_importerlib\src\IR\PopcornFXCore\Legacy.cpp">
      <Filter>Sources\IR\PopcornFXCore</Filter>
    </ClCompile>
    <ClCompile Include="..\..\ExternalLibs\pk_importerlib\src\IR\Utils\imp_script_tokenizer.cpp">
      <Filter>Sources\IR\Utils</Filter>
    </ClCompile>
    <ClCompile Include="..\..\ExternalLibs\pk_importerlib\src\IR\imp_ir_particle_effect.cpp">
      <Filter>Sources\IR</Filter>
    </ClCompile>
    <ClCompile Include="..\..\ExternalLibs\pk_importerlib\src\IR\imp_ir_project_settings.cpp">
      <Filter>Sources\IR</Filter>
    </ClCompile>
    <ClCompile Include="..\..\ExternalLibs\pk_importerlib\src\IR\imp_ir_renderers.cpp">
      <Filter>Sources\IR</Filter>
    </ClCompile>
    <ClCompile Include="..\..\ExternalLibs\pk_importerlib\src\IR\imp_ir_samplers.cpp">
      <Filter>Sources\IR</Filter>
    </ClCompile>
    <ClCompile Include="..\..\ExternalLibs\pk_importerlib\src\precompiled\imp_precompiled.cpp">
      <Filter>Precompiled</Filter>
    </ClCompile>
    <ClCompile Include="..\..\ExternalLibs\pk_importerlib\src\v1\Editor\imp_v1_EditorParticle_Data.cpp">
      <Filter>Sources\v1\Editor</Filter>
    </ClCompile>
    <ClCompile Include="..\..\ExternalLibs\pk_importerlib\src\v1\Utils\imp_v1_dynamic_field_declarator.cpp">
      <Filter>Sources\v1\Utils</Filter>
    </ClCompile>
    <ClCompile Include="..\..\ExternalLibs\pk_importerlib\src\v1\Utils\imp_v1_scripts_utils.cpp">
      <Filter>Sources\v1\Utils</Filter>
    </ClCompile>
    <ClCompile Include="..\..\ExternalLibs\pk_importerlib\src\v1\Utils\imp_v1_templates.cpp">
      <Filter>Sources\v1\Utils</Filter>
    </ClCompile>
    <ClCompile Include="..\..\ExternalLibs\pk_importerlib\src\v1\imp_v1_actionfactory.cpp">
      <Filter>Sources\v1</Filter>
    </ClCompile>
    <ClCompile Include="..\..\ExternalLibs\pk_importerlib\src\v1\imp_v1_descriptor.cpp">
      <Filter>Sources\v1</Filter>
    </ClCompile>
    <ClCompile Include="..\..\ExternalLibs\pk_importerlib\src\v1\imp_v1_evolvers.cpp">
      <Filter>Sources\v1</Filter>
    </ClCompile>
    <ClCompile Include="..\..\ExternalLibs\pk_importerlib\src\v1\imp_v1_particle_effect.cpp">
      <Filter>Sources\v1</Filter>
    </ClCompile>
    <ClCompile Include="..\..\ExternalLibs\pk_importerlib\src\v1\imp_v1_projectsettings.cpp">
      <Filter>Sources\v1</Filter>
    </ClCompile>
    <ClCompile Include="..\..\ExternalLibs\pk_importerlib\src\v1\imp_v1_renderers.cpp">
      <Filter>Sources\v1</Filter>
    </ClCompile>
    <ClCompile Include="..\..\ExternalLibs\pk_importerlib\src\v1\imp_v1_samplers.cpp">
      <Filter>Sources\v1</Filter>
    </ClCompile>
    <ClCompile Include="..\..\ExternalLibs\pk_importerlib\src\xmlparser\tinyxml2\tinyxml2.cpp">
      <Filter>Sources\xmlparser\tinyxml2</Filter>
    </ClCompile>
  </ItemGroup>
  <ItemGroup>
    <Natvis Include="..\..\Native\debugger\PopcornFX.natvis">
      <Filter>_Natvis</Filter>
    </Natvis>
  </ItemGroup>
</Project>
