<?xml version="1.0" encoding="utf-8"?>
<Project ToolsVersion="4.0" xmlns="http://schemas.microsoft.com/developer/msbuild/2003">
  <ItemGroup>
    <Filter Include="Headers">
      <UniqueIdentifier>{C196CD9C-2D76-4C38-368E-D70EA2ECB299}</UniqueIdentifier>
    </Filter>
    <Filter Include="Headers\batch_jobs">
      <UniqueIdentifier>{5F763A5A-4B5A-FBAF-B4BA-F502A0BDE531}</UniqueIdentifier>
    </Filter>
    <Filter Include="Headers\batches">
      <UniqueIdentifier>{CAAF6598-363B-D35C-3F4C-5651AB562F5D}</UniqueIdentifier>
    </Filter>
    <Filter Include="Headers\billboarders">
      <UniqueIdentifier>{253BF426-11CA-7DF0-BAE8-91EBA6568E96}</UniqueIdentifier>
    </Filter>
    <Filter Include="Headers\buffer_pool">
      <UniqueIdentifier>{23EDF09C-8F4E-CEAA-18BC-145D841C056A}</UniqueIdentifier>
    </Filter>
    <Filter Include="Headers\draw_requests">
      <UniqueIdentifier>{39095868-A575-1363-6E69-ABC0DA9435CB}</UniqueIdentifier>
    </Filter>
    <Filter Include="Headers\frame_collector">
      <UniqueIdentifier>{A1C2F4A7-0DFA-3C3F-1604-A16282BA6338}</UniqueIdentifier>
    </Filter>
    <Filter Include="Headers\frame_collector\legacy">
      <UniqueIdentifier>{A57E694B-91A4-33B2-7AEA-B87D66AF587E}</UniqueIdentifier>
    </Filter>
    <Filter Include="Headers\render_features">
      <UniqueIdentifier>{8E8F6F95-FAC6-B72C-03D1-1B506F87DE25}</UniqueIdentifier>
    </Filter>
    <Filter Include="Headers\resource_manager">
      <UniqueIdentifier>{9294F164-7EB9-40E5-A704-267593883F03}</UniqueIdentifier>
    </Filter>
    <Filter Include="_Natvis">
      <UniqueIdentifier>{D972AB51-4552-2AED-4E6A-B5C3BAC8904E}</UniqueIdentifier>
    </Filter>
  </ItemGroup>
  <ItemGroup>
    <ClInclude Include="..\..\..\ExternalLibs\Runtime\pk_render_helpers\include\batch_jobs\rh_batch_jobs.h">
      <Filter>Headers\batch_jobs</Filter>
    </ClInclude>
    <ClInclude Include="..\..\..\ExternalLibs\Runtime\pk_render_helpers\include\batch_jobs\rh_batch_jobs_billboard_cpu.h">
      <Filter>Headers\batch_jobs</Filter>
    </ClInclude>
    <ClInclude Include="..\..\..\ExternalLibs\Runtime\pk_render_helpers\include\batch_jobs\rh_batch_jobs_billboard_gpu.h">
      <Filter>Headers\batch_jobs</Filter>
    </ClInclude>
    <ClInclude Include="..\..\..\ExternalLibs\Runtime\pk_render_helpers\include\batch_jobs\rh_batch_jobs_decal_cpu.h">
      <Filter>Headers\batch_jobs</Filter>
    </ClInclude>
    <ClInclude Include="..\..\..\ExternalLibs\Runtime\pk_render_helpers\include\batch_jobs\rh_batch_jobs_decal_gpu.h">
      <Filter>Headers\batch_jobs</Filter>
    </ClInclude>
    <ClInclude Include="..\..\..\ExternalLibs\Runtime\pk_render_helpers\include\batch_jobs\rh_batch_jobs_helpers.h">
      <Filter>Headers\batch_jobs</Filter>
    </ClInclude>
    <ClInclude Include="..\..\..\ExternalLibs\Runtime\pk_render_helpers\include\batch_jobs\rh_batch_jobs_light_std.h">
      <Filter>Headers\batch_jobs</Filter>
    </ClInclude>
    <ClInclude Include="..\..\..\ExternalLibs\Runtime\pk_render_helpers\include\batch_jobs\rh_batch_jobs_mesh_cpu.h">
      <Filter>Headers\batch_jobs</Filter>
    </ClInclude>
    <ClInclude Include="..\..\..\ExternalLibs\Runtime\pk_render_helpers\include\batch_jobs\rh_batch_jobs_mesh_gpu.h">
      <Filter>Headers\batch_jobs</Filter>
    </ClInclude>
    <ClInclude Include="..\..\..\ExternalLibs\Runtime\pk_render_helpers\include\batch_jobs\rh_batch_jobs_ribbon_cpu.h">
      <Filter>Headers\batch_jobs</Filter>
    </ClInclude>
    <ClInclude Include="..\..\..\ExternalLibs\Runtime\pk_render_helpers\include\batch_jobs\rh_batch_jobs_ribbon_gpu.h">
      <Filter>Headers\batch_jobs</Filter>
    </ClInclude>
    <ClInclude Include="..\..\..\ExternalLibs\Runtime\pk_render_helpers\include\batch_jobs\rh_batch_jobs_sound_std.h">
      <Filter>Headers\batch_jobs</Filter>
    </ClInclude>
    <ClInclude Include="..\..\..\ExternalLibs\Runtime\pk_render_helpers\include\batch_jobs\rh_batch_jobs_triangle_cpu.h">
      <Filter>Headers\batch_jobs</Filter>
    </ClInclude>
    <ClInclude Include="..\..\..\ExternalLibs\Runtime\pk_render_helpers\include\batch_jobs\rh_batch_jobs_triangle_gpu.h">
      <Filter>Headers\batch_jobs</Filter>
    </ClInclude>
    <ClInclude Include="..\..\..\ExternalLibs\Runtime\pk_render_helpers\include\batches\rh_billboard_batch.h">
      <Filter>Headers\batches</Filter>
    </ClInclude>
    <ClInclude Include="..\..\..\ExternalLibs\Runtime\pk_render_helpers\include\batches\rh_billboard_batch.inl">
      <Filter>Headers\batches</Filter>
    </ClInclude>
    <ClInclude Include="..\..\..\ExternalLibs\Runtime\pk_render_helpers\include\batches\rh_billboard_ribbon_batch_helper.h">
      <Filter>Headers\batches</Filter>
    </ClInclude>
    <ClInclude Include="..\..\..\ExternalLibs\Runtime\pk_render_helpers\include\batches\rh_decal_batch.h">
      <Filter>Headers\batches</Filter>
    </ClInclude>
    <ClInclude Include="..\..\..\ExternalLibs\Runtime\pk_render_helpers\include\batches\rh_decal_batch.inl">
      <Filter>Headers\batches</Filter>
    </ClInclude>
    <ClInclude Include="..\..\..\ExternalLibs\Runtime\pk_render_helpers\include\batches\rh_light_batch.h">
      <Filter>Headers\batches</Filter>
    </ClInclude>
    <ClInclude Include="..\..\..\ExternalLibs\Runtime\pk_render_helpers\include\batches\rh_light_batch.inl">
      <Filter>Headers\batches</Filter>
    </ClInclude>
    <ClInclude Include="..\..\..\ExternalLibs\Runtime\pk_render_helpers\include\batches\rh_mesh_batch.h">
      <Filter>Headers\batches</Filter>
    </ClInclude>
    <ClInclude Include="..\..\..\ExternalLibs\Runtime\pk_render_helpers\include\batches\rh_mesh_batch.inl">
      <Filter>Headers\batches</Filter>
    </ClInclude>
    <ClInclude Include="..\..\..\ExternalLibs\Runtime\pk_render_helpers\include\batches\rh_particle_batch_policy_data.h">
      <Filter>Headers\batches</Filter>
    </ClInclude>
    <ClInclude Include="..\..\..\ExternalLibs\Runtime\pk_render_helpers\include\batches\rh_ribbon_batch.h">
      <Filter>Headers\batches</Filter>
    </ClInclude>
    <ClInclude Include="..\..\..\ExternalLibs\Runtime\pk_render_helpers\include\batches\rh_ribbon_batch.inl">
      <Filter>Headers\batches</Filter>
    </ClInclude>
    <ClInclude Include="..\..\..\ExternalLibs\Runtime\pk_render_helpers\include\batches\rh_sound_batch.h">
      <Filter>Headers\batches</Filter>
    </ClInclude>
    <ClInclude Include="..\..\..\ExternalLibs\Runtime\pk_render_helpers\include\batches\rh_sound_batch.inl">
      <Filter>Headers\batches</Filter>
    </ClInclude>
    <ClInclude Include="..\..\..\ExternalLibs\Runtime\pk_render_helpers\include\batches\rh_triangle_batch.h">
      <Filter>Headers\batches</Filter>
    </ClInclude>
    <ClInclude Include="..\..\..\ExternalLibs\Runtime\pk_render_helpers\include\batches\rh_triangle_batch.inl">
      <Filter>Headers\batches</Filter>
    </ClInclude>
    <ClInclude Include="..\..\..\ExternalLibs\Runtime\pk_render_helpers\include\billboarders\rh_billboarders_billboards.h">
      <Filter>Headers\billboarders</Filter>
    </ClInclude>
    <ClInclude Include="..\..\..\ExternalLibs\Runtime\pk_render_helpers\include\billboarders\rh_billboarders_billboards_c0.h">
      <Filter>Headers\billboarders</Filter>
    </ClInclude>
    <ClInclude Include="..\..\..\ExternalLibs\Runtime\pk_render_helpers\include\billboarders\rh_billboarders_billboards_c1.h">
      <Filter>Headers\billboarders</Filter>
    </ClInclude>
    <ClInclude Include="..\..\..\ExternalLibs\Runtime\pk_render_helpers\include\billboarders\rh_billboarders_billboards_c2.h">
      <Filter>Headers\billboarders</Filter>
    </ClInclude>
    <ClInclude Include="..\..\..\ExternalLibs\Runtime\pk_render_helpers\include\billboarders\rh_billboarders_billboards_ribbon.h">
      <Filter>Headers\billboarders</Filter>
    </ClInclude>
    <ClInclude Include="..\..\..\ExternalLibs\Runtime\pk_render_helpers\include\buffer_pool\rh_bufferpool.h">
      <Filter>Headers\buffer_pool</Filter>
    </ClInclude>
    <ClInclude Include="..\..\..\ExternalLibs\Runtime\pk_render_helpers\include\buffer_pool\rh_bufferpool.inl">
      <Filter>Headers\buffer_pool</Filter>
    </ClInclude>
    <ClInclude Include="..\..\..\ExternalLibs\Runtime\pk_render_helpers\include\draw_requests\rh_billboard.h">
      <Filter>Headers\draw_requests</Filter>
    </ClInclude>
    <ClInclude Include="..\..\..\ExternalLibs\Runtime\pk_render_helpers\include\draw_requests\rh_billboard_cpu.h">
      <Filter>Headers\draw_requests</Filter>
    </ClInclude>
    <ClInclude Include="..\..\..\ExternalLibs\Runtime\pk_render_helpers\include\draw_requests\rh_billboard_cpu_tasks.h">
      <Filter>Headers\draw_requests</Filter>
    </ClInclude>
    <ClInclude Include="..\..\..\ExternalLibs\Runtime\pk_render_helpers\include\draw_requests\rh_billboard_light.h">
      <Filter>Headers\draw_requests</Filter>
    </ClInclude>
    <ClInclude Include="..\..\..\ExternalLibs\Runtime\pk_render_helpers\include\draw_requests\rh_common.h">
      <Filter>Headers\draw_requests</Filter>
    </ClInclude>
    <ClInclude Include="..\..\..\ExternalLibs\Runtime\pk_render_helpers\include\draw_requests\rh_copystream_cpu.h">
      <Filter>Headers\draw_requests</Filter>
    </ClInclude>
    <ClInclude Include="..\..\..\ExternalLibs\Runtime\pk_render_helpers\include\draw_requests\rh_copystream_cpu_tasks.h">
      <Filter>Headers\draw_requests</Filter>
    </ClInclude>
    <ClInclude Include="..\..\..\ExternalLibs\Runtime\pk_render_helpers\include\draw_requests\rh_decal.h">
      <Filter>Headers\draw_requests</Filter>
    </ClInclude>
    <ClInclude Include="..\..\..\ExternalLibs\Runtime\pk_render_helpers\include\draw_requests\rh_decal_cpu.h">
      <Filter>Headers\draw_requests</Filter>
    </ClInclude>
    <ClInclude Include="..\..\..\ExternalLibs\Runtime\pk_render_helpers\include\draw_requests\rh_decal_cpu_tasks.h">
      <Filter>Headers\draw_requests</Filter>
    </ClInclude>
    <ClInclude Include="..\..\..\ExternalLibs\Runtime\pk_render_helpers\include\draw_requests\rh_draw_requests.h">
      <Filter>Headers\draw_requests</Filter>
    </ClInclude>
    <ClInclude Include="..\..\..\ExternalLibs\Runtime\pk_render_helpers\include\draw_requests\rh_job_pools.h">
      <Filter>Headers\draw_requests</Filter>
    </ClInclude>
    <ClInclude Include="..\..\..\ExternalLibs\Runtime\pk_render_helpers\include\draw_requests\rh_light.h">
      <Filter>Headers\draw_requests</Filter>
    </ClInclude>
    <ClInclude Include="..\..\..\ExternalLibs\Runtime\pk_render_helpers\include\draw_requests\rh_mesh.h">
      <Filter>Headers\draw_requests</Filter>
    </ClInclude>
    <ClInclude Include="..\..\..\ExternalLibs\Runtime\pk_render_helpers\include\draw_requests\rh_mesh_cpu.h">
      <Filter>Headers\draw_requests</Filter>
    </ClInclude>
    <ClInclude Include="..\..\..\ExternalLibs\Runtime\pk_render_helpers\include\draw_requests\rh_mesh_cpu_tasks.h">
      <Filter>Headers\draw_requests</Filter>
    </ClInclude>
    <ClInclude Include="..\..\..\ExternalLibs\Runtime\pk_render_helpers\include\draw_requests\rh_ribbon.h">
      <Filter>Headers\draw_requests</Filter>
    </ClInclude>
    <ClInclude Include="..\..\..\ExternalLibs\Runtime\pk_render_helpers\include\draw_requests\rh_ribbon_cpu.h">
      <Filter>Headers\draw_requests</Filter>
    </ClInclude>
    <ClInclude Include="..\..\..\ExternalLibs\Runtime\pk_render_helpers\include\draw_requests\rh_ribbon_cpu_tasks.h">
      <Filter>Headers\draw_requests</Filter>
    </ClInclude>
    <ClInclude Include="..\..\..\ExternalLibs\Runtime\pk_render_helpers\include\draw_requests\rh_sound.h">
      <Filter>Headers\draw_requests</Filter>
    </ClInclude>
    <ClInclude Include="..\..\..\ExternalLibs\Runtime\pk_render_helpers\include\draw_requests\rh_tasks.h">
      <Filter>Headers\draw_requests</Filter>
    </ClInclude>
    <ClInclude Include="..\..\..\ExternalLibs\Runtime\pk_render_helpers\include\draw_requests\rh_triangle.h">
      <Filter>Headers\draw_requests</Filter>
    </ClInclude>
    <ClInclude Include="..\..\..\ExternalLibs\Runtime\pk_render_helpers\include\draw_requests\rh_triangle_cpu.h">
      <Filter>Headers\draw_requests</Filter>
    </ClInclude>
    <ClInclude Include="..\..\..\ExternalLibs\Runtime\pk_render_helpers\include\draw_requests\rh_triangle_cpu_tasks.h">
      <Filter>Headers\draw_requests</Filter>
    </ClInclude>
    <ClInclude Include="..\..\..\ExternalLibs\Runtime\pk_render_helpers\include\frame_collector\legacy\rh_frame_collector_legacy.h">
      <Filter>Headers\frame_collector\legacy</Filter>
    </ClInclude>
    <ClInclude Include="..\..\..\ExternalLibs\Runtime\pk_render_helpers\include\frame_collector\legacy\rh_frame_collector_legacy.inl">
      <Filter>Headers\frame_collector\legacy</Filter>
    </ClInclude>
    <ClInclude Include="..\..\..\ExternalLibs\Runtime\pk_render_helpers\include\frame_collector\legacy\rh_frame_data_legacy.h">
      <Filter>Headers\frame_collector\legacy</Filter>
    </ClInclude>
    <ClInclude Include="..\..\..\ExternalLibs\Runtime\pk_render_helpers\include\frame_collector\rh_batch_drawer.h">
      <Filter>Headers\frame_collector</Filter>
    </ClInclude>
    <ClInclude Include="..\..\..\ExternalLibs\Runtime\pk_render_helpers\include\frame_collector\rh_billboarding_batch_interface.h">
      <Filter>Headers\frame_collector</Filter>
    </ClInclude>
    <ClInclude Include="..\..\..\ExternalLibs\Runtime\pk_render_helpers\include\frame_collector\rh_billboarding_batch_interface.inl">
      <Filter>Headers\frame_collector</Filter>
    </ClInclude>
    <ClInclude Include="..\..\..\ExternalLibs\Runtime\pk_render_helpers\include\frame_collector\rh_billboarding_batches_manager.h">
      <Filter>Headers\frame_collector</Filter>
    </ClInclude>
    <ClInclude Include="..\..\..\ExternalLibs\Runtime\pk_render_helpers\include\frame_collector\rh_billboarding_batches_manager.inl">
      <Filter>Headers\frame_collector</Filter>
    </ClInclude>
    <ClInclude Include="..\..\..\ExternalLibs\Runtime\pk_render_helpers\include\frame_collector\rh_frame_collector.h">
      <Filter>Headers\frame_collector</Filter>
    </ClInclude>
    <ClInclude Include="..\..\..\ExternalLibs\Runtime\pk_render_helpers\include\frame_collector\rh_frame_data.h">
      <Filter>Headers\frame_collector</Filter>
    </ClInclude>
    <ClInclude Include="..\..\..\ExternalLibs\Runtime\pk_render_helpers\include\frame_collector\rh_particle_render_data_factory.h">
      <Filter>Headers\frame_collector</Filter>
    </ClInclude>
    <ClInclude Include="..\..\..\ExternalLibs\Runtime\pk_render_helpers\include\frame_collector\rh_render_medium.h">
      <Filter>Headers\frame_collector</Filter>
    </ClInclude>
    <ClInclude Include="..\..\..\ExternalLibs\Runtime\pk_render_helpers\include\frame_collector\rh_renderers_walker.h">
      <Filter>Headers\frame_collector</Filter>
    </ClInclude>
    <ClInclude Include="..\..\..\ExternalLibs\Runtime\pk_render_helpers\include\render_features\rh_features_basic.h">
      <Filter>Headers\render_features</Filter>
    </ClInclude>
    <ClInclude Include="..\..\..\ExternalLibs\Runtime\pk_render_helpers\include\render_features\rh_features_vat_skeletal.h">
      <Filter>Headers\render_features</Filter>
    </ClInclude>
    <ClInclude Include="..\..\..\ExternalLibs\Runtime\pk_render_helpers\include\render_features\rh_features_vat_static.h">
      <Filter>Headers\render_features</Filter>
    </ClInclude>
    <ClInclude Include="..\..\..\ExternalLibs\Runtime\pk_render_helpers\include\resource_manager\rh_resource_manager.h">
      <Filter>Headers\resource_manager</Filter>
    </ClInclude>
    <ClInclude Include="..\..\..\ExternalLibs\Runtime\pk_render_helpers\include\resource_manager\rh_resource_manager.inl">
      <Filter>Headers\resource_manager</Filter>
    </ClInclude>
    <ClInclude Include="..\..\..\ExternalLibs\Runtime\pk_render_helpers\include\rh_init.h">
      <Filter>Headers</Filter>
    </ClInclude>
  </ItemGroup>
  <ItemGroup>
    <Natvis Include="..\..\Native\debugger\PopcornFX.natvis">
      <Filter>_Natvis</Filter>
    </Natvis>
  </ItemGroup>
</Project>
