
Microsoft Visual Studio Solution File, Format Version 12.00
# Visual Studio 16
Project("{2150E333-8FDC-42A3-9474-1A3956D46DE8}") = "Samples", "Samples", "{C11D5431-2DDE-CF67-F618-19E562981444}"
EndProject
Project("{2150E333-8FDC-42A3-9474-1A3956D46DE8}") = "Basic", "Basic", "{329961B4-9EFA-3EC2-2768-857493C87581}"
EndProject
Project("{8BC9CEB8-8B4A-11D0-8D11-00A0C91BC942}") = "PK-Sample_01_BasicStartup", "PK-Sample_01_BasicStartup.vcxproj", "{6180C80A-EF04-4935-AEDB-FF9D2A087E79}"
EndProject
Project("{8BC9CEB8-8B4A-11D0-8D11-00A0C91BC942}") = "PK-Sample_02_BasicEvolve", "PK-Sample_02_BasicEvolve.vcxproj", "{44DEC18A-CBA0-4053-B592-6ECF4D324224}"
EndProject
Project("{8BC9CEB8-8B4A-11D0-8D11-00A0C91BC942}") = "PK-Sample_03_EngineHooks", "PK-Sample_03_EngineHooks.vcxproj", "{44DEFFAA-CBA0-4053-B592-6ECF4D324224}"
EndProject
Project("{8BC9CEB8-8B4A-11D0-8D11-00A0C91BC942}") = "PK-Sample_04_Baking", "PK-Sample_04_Baking.vcxproj", "{44DE001A-CBA0-4333-B592-6E87CC324224}"
EndProject
Project("{8BC9CEB8-8B4A-11D0-8D11-00A0C91BC942}") = "PK-Sample_01_BasicRendering", "PK-Sample_01_BasicRendering.vcxproj", "{94C84A6E-E37E-456E-B4B4-F944839A2FFC}"
EndProject
Project("{8BC9CEB8-8B4A-11D0-8D11-00A0C91BC942}") = "PK-Sample_02_FullIntegration", "PK-Sample_02_FullIntegration.vcxproj", "{C4DA3BC6-E37E-456E-B4B4-F944839A2FFC}"
EndProject
Project("{8BC9CEB8-8B4A-11D0-8D11-00A0C91BC942}") = "PK-Sample_04_EffectInterface", "PK-Sample_04_EffectInterface.vcxproj", "{C842904F-E37E-456E-B4B4-F944839A2FFC}"
EndProject
Project("{8BC9CEB8-8B4A-11D0-8D11-00A0C91BC942}") = "PK-Sample_05_Stats", "PK-Sample_05_Stats.vcxproj", "{BF82A3E1-E37E-456E-B4B4-F944839A2FFC}"
EndProject
Project("{8BC9CEB8-8B4A-11D0-8D11-00A0C91BC942}") = "PK-Sample_06_SimInterface", "PK-Sample_06_SimInterface.vcxproj", "{E181876D-E37E-456E-B4B4-F944839A2FFC}"
EndProject
Project("{8BC9CEB8-8B4A-11D0-8D11-00A0C91BC942}") = "PK-Sample_06_SimInterfaceGPU", "PK-Sample_06_SimInterfaceGPU.vcxproj", "{482524F9-E37E-456E-B4B4-F944839A2FFC}"
EndProject
Project("{8BC9CEB8-8B4A-11D0-8D11-00A0C91BC942}") = "PK-Sample_07_LOD", "PK-Sample_07_LOD.vcxproj", "{03233C53-E37E-456E-B4B4-F944839A2FFC}"
EndProject
Project("{8BC9CEB8-8B4A-11D0-8D11-00A0C91BC942}") = "PK-Sample_08_CustomCollision", "PK-Sample_08_CustomCollision.vcxproj", "{2940E5DC-E37E-456E-B4B4-F944839A2FFC}"
EndProject
Project("{8BC9CEB8-8B4A-11D0-8D11-00A0C91BC942}") = "PK-Sample_09_AsyncLoading", "PK-Sample_09_AsyncLoading.vcxproj", "{46713752-E37E-456E-B4B4-F944839A2FFC}"
EndProject
Project("{8BC9CEB8-8B4A-11D0-8D11-00A0C91BC942}") = "PK-Sample_10_AsyncRendering", "PK-Sample_10_AsyncRendering.vcxproj", "{355F328A-E37E-456E-B4B4-F944839A2FFC}"
EndProject
Project("{8BC9CEB8-8B4A-11D0-8D11-00A0C91BC942}") = "PK-Sample_11_ThreadPool", "PK-Sample_11_ThreadPool.vcxproj", "{2B382181-E37E-456E-B4B4-F944839A2FFC}"
EndProject
Project("{2150E333-8FDC-42A3-9474-1A3956D46DE8}") = "Rendering", "Rendering", "{2A23E243-96AE-4F08-9FBF-D2FC0BCAAB08}"
EndProject
Project("{8BC9CEB8-8B4A-11D0-8D11-00A0C91BC942}") = "PK-RHI_SDK1", "PK-RHI_SDK1.vcxproj", "{1822BA45-2535-4E66-FFFF-AAB284A46F5B}"
EndProject
Project("{8BC9CEB8-8B4A-11D0-8D11-00A0C91BC942}") = "PK-RenderHelpers_SDK1", "PK-RenderHelpers_SDK1.vcxproj", "{1822BA45-2535-4E66-FFFF-90B284A46F5B}"
EndProject
Project("{8BC9CEB8-8B4A-11D0-8D11-00A0C91BC942}") = "PK-SampleLib", "PK-SampleLib.vcxproj", "{89A78AC6-E37E-456E-B4B4-F944839A2FFC}"
EndProject
Project("{2150E333-8FDC-42A3-9474-1A3956D46DE8}") = "Runtime", "Runtime", "{D04B1513-3C0C-9149-0547-DAC671C6D525}"
EndProject
Project("{8BC9CEB8-8B4A-11D0-8D11-00A0C91BC942}") = "PK-Discretizers_SDK1", "PK-Discretizers_SDK1.vcxproj", "{F866336F-906C-411B-FFFF-AABBCC2C47CE}"
EndProject
Project("{8BC9CEB8-8B4A-11D0-8D11-00A0C91BC942}") = "PK-ParticlesToolbox_SDK1", "PK-ParticlesToolbox_SDK1.vcxproj", "{1A87AB61-B71A-4EBA-FFFF-997BB30241A3}"
EndProject
Project("{8BC9CEB8-8B4A-11D0-8D11-00A0C91BC942}") = "PK-Runtime_SDK1", "PK-Runtime_SDK1.vcxproj", "{E21DB851-1449-42D8-FFFF-7FC2E9399524}"
EndProject
Project("{2150E333-8FDC-42A3-9474-1A3956D46DE8}") = "Tools", "Tools", "{DD376B17-49ED-E30C-D2E1-DDE33E96DA10}"
EndProject
Project("{2150E333-8FDC-42A3-9474-1A3956D46DE8}") = "AssetBaker", "AssetBaker", "{51B011B4-3DAA-3A06-2617-D11612B0A072}"
EndProject
Project("{8BC9CEB8-8B4A-11D0-8D11-00A0C91BC942}") = "PK-AssetBaker", "PK-AssetBaker.vcxproj", "{44CEDA8C-CBA0-4053-B122-6E8793324224}"
EndProject
Project("{8BC9CEB8-8B4A-11D0-8D11-00A0C91BC942}") = "PK-AssetBakerLib", "PK-AssetBakerLib.vcxproj", "{44ECDA8C-CBA0-4035-B212-68E793243242}"
EndProject
Project("{8BC9CEB8-8B4A-11D0-8D11-00A0C91BC942}") = "PK-MCPP", "PK-MCPP.vcxproj", "{C43F305D-E37E-456E-B4B4-F944839A2FFC}"
EndProject
Project("{8BC9CEB8-8B4A-11D0-8D11-00A0C91BC942}") = "PK-ShaderTool", "PK-ShaderTool.vcxproj", "{2FCAC7C2-E37E-456E-B4B4-F944839A2FFC}"
EndProject
Project("{2150E333-8FDC-42A3-9474-1A3956D46DE8}") = "Upgrader", "Upgrader", "{A68CD0DC-921B-5AA6-3B3A-6EA127A86A4C}"
EndProject
Project("{8BC9CEB8-8B4A-11D0-8D11-00A0C91BC942}") = "PK-ImporterLib", "PK-ImporterLib.vcxproj", "{55ACDBF7-CBA0-4035-B212-68E973234242}"
EndProject
Project("{8BC9CEB8-8B4A-11D0-8D11-00A0C91BC942}") = "PK-Upgrader", "PK-Upgrader.vcxproj", "{1821DADC-CBA0-4053-B122-6E8793324224}"
EndProject
Project("{8BC9CEB8-8B4A-11D0-8D11-00A0C91BC942}") = "PK-UpgraderLib", "PK-UpgraderLib.vcxproj", "{55ACDBF7-CBA0-4035-B212-68E793243242}"
EndProject
Global
	GlobalSection(SolutionConfigurationPlatforms) = preSolution
		Debug|x64 = Debug|x64
		Release|x64 = Release|x64
		Retail|x64 = Retail|x64
	EndGlobalSection
	GlobalSection(ProjectConfigurationPlatforms) = postSolution
		{6180C80A-EF04-4935-AEDB-FF9D2A087E79}.Debug|x64.ActiveCfg = Debug|x64
		{6180C80A-EF04-4935-AEDB-FF9D2A087E79}.Debug|x64.Build.0 = Debug|x64
		{6180C80A-EF04-4935-AEDB-FF9D2A087E79}.Release|x64.ActiveCfg = Release|x64
		{6180C80A-EF04-4935-AEDB-FF9D2A087E79}.Release|x64.Build.0 = Release|x64
		{6180C80A-EF04-4935-AEDB-FF9D2A087E79}.Retail|x64.ActiveCfg = Retail|x64
		{6180C80A-EF04-4935-AEDB-FF9D2A087E79}.Retail|x64.Build.0 = Retail|x64
		{44DEC18A-CBA0-4053-B592-6ECF4D324224}.Debug|x64.ActiveCfg = Debug|x64
		{44DEC18A-CBA0-4053-B592-6ECF4D324224}.Debug|x64.Build.0 = Debug|x64
		{44DEC18A-CBA0-4053-B592-6ECF4D324224}.Release|x64.ActiveCfg = Release|x64
		{44DEC18A-CBA0-4053-B592-6ECF4D324224}.Release|x64.Build.0 = Release|x64
		{44DEC18A-CBA0-4053-B592-6ECF4D324224}.Retail|x64.ActiveCfg = Retail|x64
		{44DEC18A-CBA0-4053-B592-6ECF4D324224}.Retail|x64.Build.0 = Retail|x64
		{44DEFFAA-CBA0-4053-B592-6ECF4D324224}.Debug|x64.ActiveCfg = Debug|x64
		{44DEFFAA-CBA0-4053-B592-6ECF4D324224}.Debug|x64.Build.0 = Debug|x64
		{44DEFFAA-CBA0-4053-B592-6ECF4D324224}.Release|x64.ActiveCfg = Release|x64
		{44DEFFAA-CBA0-4053-B592-6ECF4D324224}.Release|x64.Build.0 = Release|x64
		{44DEFFAA-CBA0-4053-B592-6ECF4D324224}.Retail|x64.ActiveCfg = Retail|x64
		{44DEFFAA-CBA0-4053-B592-6ECF4D324224}.Retail|x64.Build.0 = Retail|x64
		{44DE001A-CBA0-4333-B592-6E87CC324224}.Debug|x64.ActiveCfg = Debug|x64
		{44DE001A-CBA0-4333-B592-6E87CC324224}.Debug|x64.Build.0 = Debug|x64
		{44DE001A-CBA0-4333-B592-6E87CC324224}.Release|x64.ActiveCfg = Release|x64
		{44DE001A-CBA0-4333-B592-6E87CC324224}.Release|x64.Build.0 = Release|x64
		{44DE001A-CBA0-4333-B592-6E87CC324224}.Retail|x64.ActiveCfg = Retail|x64
		{44DE001A-CBA0-4333-B592-6E87CC324224}.Retail|x64.Build.0 = Retail|x64
		{94C84A6E-E37E-456E-B4B4-F944839A2FFC}.Debug|x64.ActiveCfg = Debug|x64
		{94C84A6E-E37E-456E-B4B4-F944839A2FFC}.Debug|x64.Build.0 = Debug|x64
		{94C84A6E-E37E-456E-B4B4-F944839A2FFC}.Release|x64.ActiveCfg = Release|x64
		{94C84A6E-E37E-456E-B4B4-F944839A2FFC}.Release|x64.Build.0 = Release|x64
		{94C84A6E-E37E-456E-B4B4-F944839A2FFC}.Retail|x64.ActiveCfg = Retail|x64
		{94C84A6E-E37E-456E-B4B4-F944839A2FFC}.Retail|x64.Build.0 = Retail|x64
		{C4DA3BC6-E37E-456E-B4B4-F944839A2FFC}.Debug|x64.ActiveCfg = Debug|x64
		{C4DA3BC6-E37E-456E-B4B4-F944839A2FFC}.Debug|x64.Build.0 = Debug|x64
		{C4DA3BC6-E37E-456E-B4B4-F944839A2FFC}.Release|x64.ActiveCfg = Release|x64
		{C4DA3BC6-E37E-456E-B4B4-F944839A2FFC}.Release|x64.Build.0 = Release|x64
		{C4DA3BC6-E37E-456E-B4B4-F944839A2FFC}.Retail|x64.ActiveCfg = Retail|x64
		{C4DA3BC6-E37E-456E-B4B4-F944839A2FFC}.Retail|x64.Build.0 = Retail|x64
		{C842904F-E37E-456E-B4B4-F944839A2FFC}.Debug|x64.ActiveCfg = Debug|x64
		{C842904F-E37E-456E-B4B4-F944839A2FFC}.Debug|x64.Build.0 = Debug|x64
		{C842904F-E37E-456E-B4B4-F944839A2FFC}.Release|x64.ActiveCfg = Release|x64
		{C842904F-E37E-456E-B4B4-F944839A2FFC}.Release|x64.Build.0 = Release|x64
		{C842904F-E37E-456E-B4B4-F944839A2FFC}.Retail|x64.ActiveCfg = Retail|x64
		{C842904F-E37E-456E-B4B4-F944839A2FFC}.Retail|x64.Build.0 = Retail|x64
		{BF82A3E1-E37E-456E-B4B4-F944839A2FFC}.Debug|x64.ActiveCfg = Debug|x64
		{BF82A3E1-E37E-456E-B4B4-F944839A2FFC}.Debug|x64.Build.0 = Debug|x64
		{BF82A3E1-E37E-456E-B4B4-F944839A2FFC}.Release|x64.ActiveCfg = Release|x64
		{BF82A3E1-E37E-456E-B4B4-F944839A2FFC}.Release|x64.Build.0 = Release|x64
		{BF82A3E1-E37E-456E-B4B4-F944839A2FFC}.Retail|x64.ActiveCfg = Retail|x64
		{BF82A3E1-E37E-456E-B4B4-F944839A2FFC}.Retail|x64.Build.0 = Retail|x64
		{E181876D-E37E-456E-B4B4-F944839A2FFC}.Debug|x64.ActiveCfg = Debug|x64
		{E181876D-E37E-456E-B4B4-F944839A2FFC}.Debug|x64.Build.0 = Debug|x64
		{E181876D-E37E-456E-B4B4-F944839A2FFC}.Release|x64.ActiveCfg = Release|x64
		{E181876D-E37E-456E-B4B4-F944839A2FFC}.Release|x64.Build.0 = Release|x64
		{E181876D-E37E-456E-B4B4-F944839A2FFC}.Retail|x64.ActiveCfg = Retail|x64
		{E181876D-E37E-456E-B4B4-F944839A2FFC}.Retail|x64.Build.0 = Retail|x64
		{482524F9-E37E-456E-B4B4-F944839A2FFC}.Debug|x64.ActiveCfg = Debug|x64
		{482524F9-E37E-456E-B4B4-F944839A2FFC}.Debug|x64.Build.0 = Debug|x64
		{482524F9-E37E-456E-B4B4-F944839A2FFC}.Release|x64.ActiveCfg = Release|x64
		{482524F9-E37E-456E-B4B4-F944839A2FFC}.Release|x64.Build.0 = Release|x64
		{482524F9-E37E-456E-B4B4-F944839A2FFC}.Retail|x64.ActiveCfg = Retail|x64
		{482524F9-E37E-456E-B4B4-F944839A2FFC}.Retail|x64.Build.0 = Retail|x64
		{03233C53-E37E-456E-B4B4-F944839A2FFC}.Debug|x64.ActiveCfg = Debug|x64
		{03233C53-E37E-456E-B4B4-F944839A2FFC}.Debug|x64.Build.0 = Debug|x64
		{03233C53-E37E-456E-B4B4-F944839A2FFC}.Release|x64.ActiveCfg = Release|x64
		{03233C53-E37E-456E-B4B4-F944839A2FFC}.Release|x64.Build.0 = Release|x64
		{03233C53-E37E-456E-B4B4-F944839A2FFC}.Retail|x64.ActiveCfg = Retail|x64
		{03233C53-E37E-456E-B4B4-F944839A2FFC}.Retail|x64.Build.0 = Retail|x64
		{2940E5DC-E37E-456E-B4B4-F944839A2FFC}.Debug|x64.ActiveCfg = Debug|x64
		{2940E5DC-E37E-456E-B4B4-F944839A2FFC}.Debug|x64.Build.0 = Debug|x64
		{2940E5DC-E37E-456E-B4B4-F944839A2FFC}.Release|x64.ActiveCfg = Release|x64
		{2940E5DC-E37E-456E-B4B4-F944839A2FFC}.Release|x64.Build.0 = Release|x64
		{2940E5DC-E37E-456E-B4B4-F944839A2FFC}.Retail|x64.ActiveCfg = Retail|x64
		{2940E5DC-E37E-456E-B4B4-F944839A2FFC}.Retail|x64.Build.0 = Retail|x64
		{46713752-E37E-456E-B4B4-F944839A2FFC}.Debug|x64.ActiveCfg = Debug|x64
		{46713752-E37E-456E-B4B4-F944839A2FFC}.Debug|x64.Build.0 = Debug|x64
		{46713752-E37E-456E-B4B4-F944839A2FFC}.Release|x64.ActiveCfg = Release|x64
		{46713752-E37E-456E-B4B4-F944839A2FFC}.Release|x64.Build.0 = Release|x64
		{46713752-E37E-456E-B4B4-F944839A2FFC}.Retail|x64.ActiveCfg = Retail|x64
		{46713752-E37E-456E-B4B4-F944839A2FFC}.Retail|x64.Build.0 = Retail|x64
		{355F328A-E37E-456E-B4B4-F944839A2FFC}.Debug|x64.ActiveCfg = Debug|x64
		{355F328A-E37E-456E-B4B4-F944839A2FFC}.Debug|x64.Build.0 = Debug|x64
		{355F328A-E37E-456E-B4B4-F944839A2FFC}.Release|x64.ActiveCfg = Release|x64
		{355F328A-E37E-456E-B4B4-F944839A2FFC}.Release|x64.Build.0 = Release|x64
		{355F328A-E37E-456E-B4B4-F944839A2FFC}.Retail|x64.ActiveCfg = Retail|x64
		{355F328A-E37E-456E-B4B4-F944839A2FFC}.Retail|x64.Build.0 = Retail|x64
		{2B382181-E37E-456E-B4B4-F944839A2FFC}.Debug|x64.ActiveCfg = Debug|x64
		{2B382181-E37E-456E-B4B4-F944839A2FFC}.Debug|x64.Build.0 = Debug|x64
		{2B382181-E37E-456E-B4B4-F944839A2FFC}.Release|x64.ActiveCfg = Release|x64
		{2B382181-E37E-456E-B4B4-F944839A2FFC}.Release|x64.Build.0 = Release|x64
		{2B382181-E37E-456E-B4B4-F944839A2FFC}.Retail|x64.ActiveCfg = Retail|x64
		{2B382181-E37E-456E-B4B4-F944839A2FFC}.Retail|x64.Build.0 = Retail|x64
		{1822BA45-2535-4E66-FFFF-AAB284A46F5B}.Debug|x64.ActiveCfg = Debug|x64
		{1822BA45-2535-4E66-FFFF-AAB284A46F5B}.Debug|x64.Build.0 = Debug|x64
		{1822BA45-2535-4E66-FFFF-AAB284A46F5B}.Release|x64.ActiveCfg = Release|x64
		{1822BA45-2535-4E66-FFFF-AAB284A46F5B}.Release|x64.Build.0 = Release|x64
		{1822BA45-2535-4E66-FFFF-AAB284A46F5B}.Retail|x64.ActiveCfg = Retail|x64
		{1822BA45-2535-4E66-FFFF-AAB284A46F5B}.Retail|x64.Build.0 = Retail|x64
		{1822BA45-2535-4E66-FFFF-90B284A46F5B}.Debug|x64.ActiveCfg = Debug|x64
		{1822BA45-2535-4E66-FFFF-90B284A46F5B}.Debug|x64.Build.0 = Debug|x64
		{1822BA45-2535-4E66-FFFF-90B284A46F5B}.Release|x64.ActiveCfg = Release|x64
		{1822BA45-2535-4E66-FFFF-90B284A46F5B}.Release|x64.Build.0 = Release|x64
		{1822BA45-2535-4E66-FFFF-90B284A46F5B}.Retail|x64.ActiveCfg = Retail|x64
		{1822BA45-2535-4E66-FFFF-90B284A46F5B}.Retail|x64.Build.0 = Retail|x64
		{89A78AC6-E37E-456E-B4B4-F944839A2FFC}.Debug|x64.ActiveCfg = Debug|x64
		{89A78AC6-E37E-456E-B4B4-F944839A2FFC}.Debug|x64.Build.0 = Debug|x64
		{89A78AC6-E37E-456E-B4B4-F944839A2FFC}.Release|x64.ActiveCfg = Release|x64
		{89A78AC6-E37E-456E-B4B4-F944839A2FFC}.Release|x64.Build.0 = Release|x64
		{89A78AC6-E37E-456E-B4B4-F944839A2FFC}.Retail|x64.ActiveCfg = Retail|x64
		{89A78AC6-E37E-456E-B4B4-F944839A2FFC}.Retail|x64.Build.0 = Retail|x64
		{F866336F-906C-411B-FFFF-AABBCC2C47CE}.Debug|x64.ActiveCfg = Debug|x64
		{F866336F-906C-411B-FFFF-AABBCC2C47CE}.Debug|x64.Build.0 = Debug|x64
		{F866336F-906C-411B-FFFF-AABBCC2C47CE}.Release|x64.ActiveCfg = Release|x64
		{F866336F-906C-411B-FFFF-AABBCC2C47CE}.Release|x64.Build.0 = Release|x64
		{F866336F-906C-411B-FFFF-AABBCC2C47CE}.Retail|x64.ActiveCfg = Retail|x64
		{F866336F-906C-411B-FFFF-AABBCC2C47CE}.Retail|x64.Build.0 = Retail|x64
		{1A87AB61-B71A-4EBA-FFFF-997BB30241A3}.Debug|x64.ActiveCfg = Debug|x64
		{1A87AB61-B71A-4EBA-FFFF-997BB30241A3}.Debug|x64.Build.0 = Debug|x64
		{1A87AB61-B71A-4EBA-FFFF-997BB30241A3}.Release|x64.ActiveCfg = Release|x64
		{1A87AB61-B71A-4EBA-FFFF-997BB30241A3}.Release|x64.Build.0 = Release|x64
		{1A87AB61-B71A-4EBA-FFFF-997BB30241A3}.Retail|x64.ActiveCfg = Retail|x64
		{1A87AB61-B71A-4EBA-FFFF-997BB30241A3}.Retail|x64.Build.0 = Retail|x64
		{E21DB851-1449-42D8-FFFF-7FC2E9399524}.Debug|x64.ActiveCfg = Debug|x64
		{E21DB851-1449-42D8-FFFF-7FC2E9399524}.Debug|x64.Build.0 = Debug|x64
		{E21DB851-1449-42D8-FFFF-7FC2E9399524}.Release|x64.ActiveCfg = Release|x64
		{E21DB851-1449-42D8-FFFF-7FC2E9399524}.Release|x64.Build.0 = Release|x64
		{E21DB851-1449-42D8-FFFF-7FC2E9399524}.Retail|x64.ActiveCfg = Retail|x64
		{E21DB851-1449-42D8-FFFF-7FC2E9399524}.Retail|x64.Build.0 = Retail|x64
		{44CEDA8C-CBA0-4053-B122-6E8793324224}.Debug|x64.ActiveCfg = Debug|x64
		{44CEDA8C-CBA0-4053-B122-6E8793324224}.Debug|x64.Build.0 = Debug|x64
		{44CEDA8C-CBA0-4053-B122-6E8793324224}.Release|x64.ActiveCfg = Release|x64
		{44CEDA8C-CBA0-4053-B122-6E8793324224}.Release|x64.Build.0 = Release|x64
		{44CEDA8C-CBA0-4053-B122-6E8793324224}.Retail|x64.ActiveCfg = Debug|x64
		{44ECDA8C-CBA0-4035-B212-68E793243242}.Debug|x64.ActiveCfg = Debug|x64
		{44ECDA8C-CBA0-4035-B212-68E793243242}.Debug|x64.Build.0 = Debug|x64
		{44ECDA8C-CBA0-4035-B212-68E793243242}.Release|x64.ActiveCfg = Release|x64
		{44ECDA8C-CBA0-4035-B212-68E793243242}.Release|x64.Build.0 = Release|x64
		{44ECDA8C-CBA0-4035-B212-68E793243242}.Retail|x64.ActiveCfg = Retail|x64
		{44ECDA8C-CBA0-4035-B212-68E793243242}.Retail|x64.Build.0 = Retail|x64
		{C43F305D-E37E-456E-B4B4-F944839A2FFC}.Debug|x64.ActiveCfg = Debug|x64
		{C43F305D-E37E-456E-B4B4-F944839A2FFC}.Debug|x64.Build.0 = Debug|x64
		{C43F305D-E37E-456E-B4B4-F944839A2FFC}.Release|x64.ActiveCfg = Release|x64
		{C43F305D-E37E-456E-B4B4-F944839A2FFC}.Release|x64.Build.0 = Release|x64
		{C43F305D-E37E-456E-B4B4-F944839A2FFC}.Retail|x64.ActiveCfg = Retail|x64
		{C43F305D-E37E-456E-B4B4-F944839A2FFC}.Retail|x64.Build.0 = Retail|x64
		{2FCAC7C2-E37E-456E-B4B4-F944839A2FFC}.Debug|x64.ActiveCfg = Debug|x64
		{2FCAC7C2-E37E-456E-B4B4-F944839A2FFC}.Debug|x64.Build.0 = Debug|x64
		{2FCAC7C2-E37E-456E-B4B4-F944839A2FFC}.Release|x64.ActiveCfg = Release|x64
		{2FCAC7C2-E37E-456E-B4B4-F944839A2FFC}.Release|x64.Build.0 = Release|x64
		{2FCAC7C2-E37E-456E-B4B4-F944839A2FFC}.Retail|x64.ActiveCfg = Debug|x64
		{55ACDBF7-CBA0-4035-B212-68E973234242}.Debug|x64.ActiveCfg = Debug|x64
		{55ACDBF7-CBA0-4035-B212-68E973234242}.Debug|x64.Build.0 = Debug|x64
		{55ACDBF7-CBA0-4035-B212-68E973234242}.Release|x64.ActiveCfg = Release|x64
		{55ACDBF7-CBA0-4035-B212-68E973234242}.Release|x64.Build.0 = Release|x64
		{55ACDBF7-CBA0-4035-B212-68E973234242}.Retail|x64.ActiveCfg = Retail|x64
		{55ACDBF7-CBA0-4035-B212-68E973234242}.Retail|x64.Build.0 = Retail|x64
		{1821DADC-CBA0-4053-B122-6E8793324224}.Debug|x64.ActiveCfg = Debug|x64
		{1821DADC-CBA0-4053-B122-6E8793324224}.Debug|x64.Build.0 = Debug|x64
		{1821DADC-CBA0-4053-B122-6E8793324224}.Release|x64.ActiveCfg = Release|x64
		{1821DADC-CBA0-4053-B122-6E8793324224}.Release|x64.Build.0 = Release|x64
		{1821DADC-CBA0-4053-B122-6E8793324224}.Retail|x64.ActiveCfg = Retail|x64
		{1821DADC-CBA0-4053-B122-6E8793324224}.Retail|x64.Build.0 = Retail|x64
		{55ACDBF7-CBA0-4035-B212-68E793243242}.Debug|x64.ActiveCfg = Debug|x64
		{55ACDBF7-CBA0-4035-B212-68E793243242}.Debug|x64.Build.0 = Debug|x64
		{55ACDBF7-CBA0-4035-B212-68E793243242}.Release|x64.ActiveCfg = Release|x64
		{55ACDBF7-CBA0-4035-B212-68E793243242}.Release|x64.Build.0 = Release|x64
		{55ACDBF7-CBA0-4035-B212-68E793243242}.Retail|x64.ActiveCfg = Retail|x64
		{55ACDBF7-CBA0-4035-B212-68E793243242}.Retail|x64.Build.0 = Retail|x64
	EndGlobalSection
	GlobalSection(SolutionProperties) = preSolution
		HideSolutionNode = FALSE
	EndGlobalSection
	GlobalSection(NestedProjects) = preSolution
		{329961B4-9EFA-3EC2-2768-857493C87581} = {C11D5431-2DDE-CF67-F618-19E562981444}
		{6180C80A-EF04-4935-AEDB-FF9D2A087E79} = {329961B4-9EFA-3EC2-2768-857493C87581}
		{44DEC18A-CBA0-4053-B592-6ECF4D324224} = {329961B4-9EFA-3EC2-2768-857493C87581}
		{44DEFFAA-CBA0-4053-B592-6ECF4D324224} = {329961B4-9EFA-3EC2-2768-857493C87581}
		{44DE001A-CBA0-4333-B592-6E87CC324224} = {329961B4-9EFA-3EC2-2768-857493C87581}
		{94C84A6E-E37E-456E-B4B4-F944839A2FFC} = {C11D5431-2DDE-CF67-F618-19E562981444}
		{C4DA3BC6-E37E-456E-B4B4-F944839A2FFC} = {C11D5431-2DDE-CF67-F618-19E562981444}
		{C842904F-E37E-456E-B4B4-F944839A2FFC} = {C11D5431-2DDE-CF67-F618-19E562981444}
		{BF82A3E1-E37E-456E-B4B4-F944839A2FFC} = {C11D5431-2DDE-CF67-F618-19E562981444}
		{E181876D-E37E-456E-B4B4-F944839A2FFC} = {C11D5431-2DDE-CF67-F618-19E562981444}
		{482524F9-E37E-456E-B4B4-F944839A2FFC} = {C11D5431-2DDE-CF67-F618-19E562981444}
		{03233C53-E37E-456E-B4B4-F944839A2FFC} = {C11D5431-2DDE-CF67-F618-19E562981444}
		{2940E5DC-E37E-456E-B4B4-F944839A2FFC} = {C11D5431-2DDE-CF67-F618-19E562981444}
		{46713752-E37E-456E-B4B4-F944839A2FFC} = {C11D5431-2DDE-CF67-F618-19E562981444}
		{355F328A-E37E-456E-B4B4-F944839A2FFC} = {C11D5431-2DDE-CF67-F618-19E562981444}
		{2B382181-E37E-456E-B4B4-F944839A2FFC} = {C11D5431-2DDE-CF67-F618-19E562981444}
		{1822BA45-2535-4E66-FFFF-AAB284A46F5B} = {2A23E243-96AE-4F08-9FBF-D2FC0BCAAB08}
		{1822BA45-2535-4E66-FFFF-90B284A46F5B} = {2A23E243-96AE-4F08-9FBF-D2FC0BCAAB08}
		{89A78AC6-E37E-456E-B4B4-F944839A2FFC} = {2A23E243-96AE-4F08-9FBF-D2FC0BCAAB08}
		{F866336F-906C-411B-FFFF-AABBCC2C47CE} = {D04B1513-3C0C-9149-0547-DAC671C6D525}
		{1A87AB61-B71A-4EBA-FFFF-997BB30241A3} = {D04B1513-3C0C-9149-0547-DAC671C6D525}
		{E21DB851-1449-42D8-FFFF-7FC2E9399524} = {D04B1513-3C0C-9149-0547-DAC671C6D525}
		{51B011B4-3DAA-3A06-2617-D11612B0A072} = {DD376B17-49ED-E30C-D2E1-DDE33E96DA10}
		{44CEDA8C-CBA0-4053-B122-6E8793324224} = {51B011B4-3DAA-3A06-2617-D11612B0A072}
		{44ECDA8C-CBA0-4035-B212-68E793243242} = {51B011B4-3DAA-3A06-2617-D11612B0A072}
		{C43F305D-E37E-456E-B4B4-F944839A2FFC} = {DD376B17-49ED-E30C-D2E1-DDE33E96DA10}
		{2FCAC7C2-E37E-456E-B4B4-F944839A2FFC} = {DD376B17-49ED-E30C-D2E1-DDE33E96DA10}
		{A68CD0DC-921B-5AA6-3B3A-6EA127A86A4C} = {DD376B17-49ED-E30C-D2E1-DDE33E96DA10}
		{55ACDBF7-CBA0-4035-B212-68E973234242} = {A68CD0DC-921B-5AA6-3B3A-6EA127A86A4C}
		{1821DADC-CBA0-4053-B122-6E8793324224} = {A68CD0DC-921B-5AA6-3B3A-6EA127A86A4C}
		{55ACDBF7-CBA0-4035-B212-68E793243242} = {A68CD0DC-921B-5AA6-3B3A-6EA127A86A4C}
	EndGlobalSection
EndGlobal
